// !$*UTF8*$!
{
	archiveVersion = 1;
	classes = {
	};
	objectVersion = 46;
	objects = {

/* Begin PBXBuildFile section */
		41065C6113E20D6B00725686 /* Default.png in Resources */ = {isa = PBXBuildFile; fileRef = 41065C6013E20D6B00725686 /* Default.png */; };
		41065C6313E20D7300725686 /* Default@2x.png in Resources */ = {isa = PBXBuildFile; fileRef = 41065C6213E20D7200725686 /* Default@2x.png */; };
		41065C6913E216A600725686 /* Icon.png in Resources */ = {isa = PBXBuildFile; fileRef = 41065C6813E216A600725686 /* Icon.png */; };
		41065C6B13E216C400725686 /* IconRetina.png in Resources */ = {isa = PBXBuildFile; fileRef = 41065C6A13E216C400725686 /* IconRetina.png */; };
		41156F3A1451B226002642CD /* Default-Portrait~ipad.png in Resources */ = {isa = PBXBuildFile; fileRef = 41156F391451B226002642CD /* Default-Portrait~ipad.png */; };
		412BFEBC13DE14F400159AD4 /* ledertextur@2x.png in Resources */ = {isa = PBXBuildFile; fileRef = 412BFEBA13DE14F300159AD4 /* ledertextur@2x.png */; };
		412BFEBD13DE14F400159AD4 /* ledertextur.png in Resources */ = {isa = PBXBuildFile; fileRef = 412BFEBB13DE14F300159AD4 /* ledertextur.png */; };
		412BFEFA13DE242400159AD4 /* SettingsViewController.m in Sources */ = {isa = PBXBuildFile; fileRef = 412BFEF813DE242300159AD4 /* SettingsViewController.m */; };
		413A1E6F13E360D600DAD8A3 /* UIAlertView-BKAdditions.m in Sources */ = {isa = PBXBuildFile; fileRef = 413A1E6E13E360D600DAD8A3 /* UIAlertView-BKAdditions.m */; };
		415A1F1E14276BCD00328122 /* StatistikView.m in Sources */ = {isa = PBXBuildFile; fileRef = 415A1F1D14276BCD00328122 /* StatistikView.m */; };
		415A1F2114277D9800328122 /* StatistikViewController.m in Sources */ = {isa = PBXBuildFile; fileRef = 415A1F2014277D9800328122 /* StatistikViewController.m */; };
		415A8A4C13DF58A100FF0F3A /* farbkloetzchen@2x.png in Resources */ = {isa = PBXBuildFile; fileRef = 415A8A4B13DF58A100FF0F3A /* farbkloetzchen@2x.png */; };
		418456501428D76700C9A68E /* GewonnenView.xib in Resources */ = {isa = PBXBuildFile; fileRef = 41EBBD3F1428D3B70019D98A /* GewonnenView.xib */; };
		418456561428D83500C9A68E /* FarbspielViewController.xib in Resources */ = {isa = PBXBuildFile; fileRef = 418456471428D76700C9A68E /* FarbspielViewController.xib */; };
		418456571428D83500C9A68E /* StatistikView.xib in Resources */ = {isa = PBXBuildFile; fileRef = 418456491428D76700C9A68E /* StatistikView.xib */; };
		418456581428D83500C9A68E /* SettingsViewController.xib in Resources */ = {isa = PBXBuildFile; fileRef = 41EBBD3B1428D2EF0019D98A /* SettingsViewController.xib */; };
		418456591428D83500C9A68E /* MainWindow.xib in Resources */ = {isa = PBXBuildFile; fileRef = 41D925E213D8A76B007612E6 /* MainWindow.xib */; };
		4184566B1428E86100C9A68E /* smalltrash@2x.png in Resources */ = {isa = PBXBuildFile; fileRef = 4184566A1428E86100C9A68E /* smalltrash@2x.png */; };
		4188128B1429D54F00F2BBE8 /* FarbspielAppDelegate.m in Sources */ = {isa = PBXBuildFile; fileRef = 41D925E013D8A76B007612E6 /* FarbspielAppDelegate.m */; };
		4188128C1429D54F00F2BBE8 /* FarbspielViewController.m in Sources */ = {isa = PBXBuildFile; fileRef = 41D925E613D8A76B007612E6 /* FarbspielViewController.m */; };
		4188128D1429D54F00F2BBE8 /* ColorfulButton.m in Sources */ = {isa = PBXBuildFile; fileRef = 41D9261A13D8A8C3007612E6 /* ColorfulButton.m */; };
		4188128E1429D54F00F2BBE8 /* Farbmapping.m in Sources */ = {isa = PBXBuildFile; fileRef = 41D9261C13D8A8C3007612E6 /* Farbmapping.m */; };
		4188128F1429D54F00F2BBE8 /* main.m in Sources */ = {isa = PBXBuildFile; fileRef = 41D9262513D8A8C3007612E6 /* main.m */; };
		418812901429D54F00F2BBE8 /* NSMutableArray+StackMethods.m in Sources */ = {isa = PBXBuildFile; fileRef = 41D9262713D8A8C3007612E6 /* NSMutableArray+StackMethods.m */; };
		418812911429D54F00F2BBE8 /* Pair.m in Sources */ = {isa = PBXBuildFile; fileRef = 41D9262913D8A8C3007612E6 /* Pair.m */; };
		418812921429D54F00F2BBE8 /* Spielmodel.m in Sources */ = {isa = PBXBuildFile; fileRef = 41D9262B13D8A8C3007612E6 /* Spielmodel.m */; };
		418812931429D54F00F2BBE8 /* SpielrasterView.m in Sources */ = {isa = PBXBuildFile; fileRef = 41D9262D13D8A8C3007612E6 /* SpielrasterView.m */; };
		418812941429D54F00F2BBE8 /* SpielrasterViewController.m in Sources */ = {isa = PBXBuildFile; fileRef = 41D9262F13D8A8C3007612E6 /* SpielrasterViewController.m */; };
		418812951429D54F00F2BBE8 /* UIColor+Tools.m in Sources */ = {isa = PBXBuildFile; fileRef = 41D9263113D8A8C3007612E6 /* UIColor+Tools.m */; };
		418812961429D54F00F2BBE8 /* SoundManager.m in Sources */ = {isa = PBXBuildFile; fileRef = 418E613613D9C2260028A3D9 /* SoundManager.m */; };
		418812971429D54F00F2BBE8 /* Datenhaltung.m in Sources */ = {isa = PBXBuildFile; fileRef = 418E613A13D9CE290028A3D9 /* Datenhaltung.m */; };
		418812981429D54F00F2BBE8 /* SettingsViewController.m in Sources */ = {isa = PBXBuildFile; fileRef = 412BFEF813DE242300159AD4 /* SettingsViewController.m */; };
		418812991429D54F00F2BBE8 /* UIAlertView-BKAdditions.m in Sources */ = {isa = PBXBuildFile; fileRef = 413A1E6E13E360D600DAD8A3 /* UIAlertView-BKAdditions.m */; };
		4188129A1429D54F00F2BBE8 /* JengoColor.xcdatamodeld in Sources */ = {isa = PBXBuildFile; fileRef = 41FE192713F06D7700BF4656 /* JengoColor.xcdatamodeld */; };
		4188129B1429D54F00F2BBE8 /* Spiel.m in Sources */ = {isa = PBXBuildFile; fileRef = 41FE196213F0845900BF4656 /* Spiel.m */; };
		4188129C1429D54F00F2BBE8 /* StatistikView.m in Sources */ = {isa = PBXBuildFile; fileRef = 415A1F1D14276BCD00328122 /* StatistikView.m */; };
		4188129D1429D54F00F2BBE8 /* StatistikViewController.m in Sources */ = {isa = PBXBuildFile; fileRef = 415A1F2014277D9800328122 /* StatistikViewController.m */; };
		4188129E1429D54F00F2BBE8 /* UIActionSheet-BKAdditions.m in Sources */ = {isa = PBXBuildFile; fileRef = 41C61E3014289D4700B513EB /* UIActionSheet-BKAdditions.m */; };
		418812A01429D54F00F2BBE8 /* CoreData.framework in Frameworks */ = {isa = PBXBuildFile; fileRef = 41FE195913F0740A00BF4656 /* CoreData.framework */; };
		418812A11429D54F00F2BBE8 /* AudioToolbox.framework in Frameworks */ = {isa = PBXBuildFile; fileRef = 41D9264D13D8ED4F007612E6 /* AudioToolbox.framework */; };
		418812A21429D54F00F2BBE8 /* QuartzCore.framework in Frameworks */ = {isa = PBXBuildFile; fileRef = 41D9264813D8AAE8007612E6 /* QuartzCore.framework */; };
		418812A31429D54F00F2BBE8 /* UIKit.framework in Frameworks */ = {isa = PBXBuildFile; fileRef = 41D925D013D8A76B007612E6 /* UIKit.framework */; };
		418812A41429D54F00F2BBE8 /* Foundation.framework in Frameworks */ = {isa = PBXBuildFile; fileRef = 41D925D213D8A76B007612E6 /* Foundation.framework */; };
		418812A51429D54F00F2BBE8 /* CoreGraphics.framework in Frameworks */ = {isa = PBXBuildFile; fileRef = 41D925D413D8A76B007612E6 /* CoreGraphics.framework */; };
		418812A71429D54F00F2BBE8 /* FarbspielViewController.xib in Resources */ = {isa = PBXBuildFile; fileRef = 418456471428D76700C9A68E /* FarbspielViewController.xib */; };
		418812A81429D54F00F2BBE8 /* StatistikView.xib in Resources */ = {isa = PBXBuildFile; fileRef = 418456491428D76700C9A68E /* StatistikView.xib */; };
		418812A91429D54F00F2BBE8 /* SettingsViewController.xib in Resources */ = {isa = PBXBuildFile; fileRef = 41EBBD3B1428D2EF0019D98A /* SettingsViewController.xib */; };
		418812AA1429D54F00F2BBE8 /* MainWindow.xib in Resources */ = {isa = PBXBuildFile; fileRef = 41D925E213D8A76B007612E6 /* MainWindow.xib */; };
		418812AB1429D54F00F2BBE8 /* 210.caf in Resources */ = {isa = PBXBuildFile; fileRef = 41D9264F13D8EE67007612E6 /* 210.caf */; };
		418812AC1429D54F00F2BBE8 /* 215.caf in Resources */ = {isa = PBXBuildFile; fileRef = 41D9265513D8F703007612E6 /* 215.caf */; };
		418812AD1429D54F00F2BBE8 /* 225.caf in Resources */ = {isa = PBXBuildFile; fileRef = 41D9265613D8F703007612E6 /* 225.caf */; };
		418812AE1429D54F00F2BBE8 /* InfoPlist.strings in Resources */ = {isa = PBXBuildFile; fileRef = 41D9265A13D8F9E9007612E6 /* InfoPlist.strings */; };
		418812AF1429D54F00F2BBE8 /* speaker.png in Resources */ = {isa = PBXBuildFile; fileRef = 419DCB2413DA5FB500745241 /* speaker.png */; };
		418812B01429D54F00F2BBE8 /* speaker_off.png in Resources */ = {isa = PBXBuildFile; fileRef = 419DCB2813DA60EF00745241 /* speaker_off.png */; };
		418812B11429D54F00F2BBE8 /* ledertextur@2x.png in Resources */ = {isa = PBXBuildFile; fileRef = 412BFEBA13DE14F300159AD4 /* ledertextur@2x.png */; };
		418812B21429D54F00F2BBE8 /* ledertextur.png in Resources */ = {isa = PBXBuildFile; fileRef = 412BFEBB13DE14F300159AD4 /* ledertextur.png */; };
		418812B31429D54F00F2BBE8 /* farbkloetzchen@2x.png in Resources */ = {isa = PBXBuildFile; fileRef = 415A8A4B13DF58A100FF0F3A /* farbkloetzchen@2x.png */; };
		418812B41429D54F00F2BBE8 /* farbkloetzchen.png in Resources */ = {isa = PBXBuildFile; fileRef = 41A114B113DF6CA300B2F0DB /* farbkloetzchen.png */; };
		418812B51429D54F00F2BBE8 /* farbkloetzchen-jengo.png in Resources */ = {isa = PBXBuildFile; fileRef = 41A114B313DF6EF100B2F0DB /* farbkloetzchen-jengo.png */; };
		418812B61429D54F00F2BBE8 /* farbkloetzchen-jengo@2x.png in Resources */ = {isa = PBXBuildFile; fileRef = 41A114B413DF6EF100B2F0DB /* farbkloetzchen-jengo@2x.png */; };
		418812B71429D54F00F2BBE8 /* Default.png in Resources */ = {isa = PBXBuildFile; fileRef = 41065C6013E20D6B00725686 /* Default.png */; };
		418812B81429D54F00F2BBE8 /* Default@2x.png in Resources */ = {isa = PBXBuildFile; fileRef = 41065C6213E20D7200725686 /* Default@2x.png */; };
		418812B91429D54F00F2BBE8 /* Icon.png in Resources */ = {isa = PBXBuildFile; fileRef = 41065C6813E216A600725686 /* Icon.png */; };
		418812BA1429D54F00F2BBE8 /* IconRetina.png in Resources */ = {isa = PBXBuildFile; fileRef = 41065C6A13E216C400725686 /* IconRetina.png */; };
		418812BB1429D54F00F2BBE8 /* smalltrash.png in Resources */ = {isa = PBXBuildFile; fileRef = 41C61E2C142898FA00B513EB /* smalltrash.png */; };
		418812BC1429D54F00F2BBE8 /* Localizable.strings in Resources */ = {isa = PBXBuildFile; fileRef = 41EBBD371428D1600019D98A /* Localizable.strings */; };
		418812BD1429D54F00F2BBE8 /* GewonnenView.xib in Resources */ = {isa = PBXBuildFile; fileRef = 41EBBD3F1428D3B70019D98A /* GewonnenView.xib */; };
		418812C11429D54F00F2BBE8 /* smalltrash@2x.png in Resources */ = {isa = PBXBuildFile; fileRef = 4184566A1428E86100C9A68E /* smalltrash@2x.png */; };
		418E613713D9C2260028A3D9 /* SoundManager.m in Sources */ = {isa = PBXBuildFile; fileRef = 418E613613D9C2260028A3D9 /* SoundManager.m */; };
		418E613B13D9CE290028A3D9 /* Datenhaltung.m in Sources */ = {isa = PBXBuildFile; fileRef = 418E613A13D9CE290028A3D9 /* Datenhaltung.m */; };
		418F3C44142A16C8006B1556 /* KIFTestScenario+FarbspielAdditions.m in Sources */ = {isa = PBXBuildFile; fileRef = 418F3C3F142A13D7006B1556 /* KIFTestScenario+FarbspielAdditions.m */; };
		418F3C45142A16CC006B1556 /* FarbspielTestController.m in Sources */ = {isa = PBXBuildFile; fileRef = 418F3C42142A158F006B1556 /* FarbspielTestController.m */; };
		418F3C47142A170D006B1556 /* libKIF.a in Frameworks */ = {isa = PBXBuildFile; fileRef = 418F3C46142A170D006B1556 /* libKIF.a */; };
		419DCB2613DA5FB500745241 /* speaker.png in Resources */ = {isa = PBXBuildFile; fileRef = 419DCB2413DA5FB500745241 /* speaker.png */; };
		419DCB2913DA60EF00745241 /* speaker_off.png in Resources */ = {isa = PBXBuildFile; fileRef = 419DCB2813DA60EF00745241 /* speaker_off.png */; };
		419F0F1B1433836F009AF98E /* FarbspielAppDelegate.m in Sources */ = {isa = PBXBuildFile; fileRef = 41D925E013D8A76B007612E6 /* FarbspielAppDelegate.m */; };
		419F0F1C1433836F009AF98E /* FarbspielViewController.m in Sources */ = {isa = PBXBuildFile; fileRef = 41D925E613D8A76B007612E6 /* FarbspielViewController.m */; };
		419F0F1D1433836F009AF98E /* ColorfulButton.m in Sources */ = {isa = PBXBuildFile; fileRef = 41D9261A13D8A8C3007612E6 /* ColorfulButton.m */; };
		419F0F1E1433836F009AF98E /* Farbmapping.m in Sources */ = {isa = PBXBuildFile; fileRef = 41D9261C13D8A8C3007612E6 /* Farbmapping.m */; };
		419F0F1F1433836F009AF98E /* main.m in Sources */ = {isa = PBXBuildFile; fileRef = 41D9262513D8A8C3007612E6 /* main.m */; };
		419F0F201433836F009AF98E /* NSMutableArray+StackMethods.m in Sources */ = {isa = PBXBuildFile; fileRef = 41D9262713D8A8C3007612E6 /* NSMutableArray+StackMethods.m */; };
		419F0F211433836F009AF98E /* Pair.m in Sources */ = {isa = PBXBuildFile; fileRef = 41D9262913D8A8C3007612E6 /* Pair.m */; };
		419F0F221433836F009AF98E /* Spielmodel.m in Sources */ = {isa = PBXBuildFile; fileRef = 41D9262B13D8A8C3007612E6 /* Spielmodel.m */; };
		419F0F231433836F009AF98E /* SpielrasterView.m in Sources */ = {isa = PBXBuildFile; fileRef = 41D9262D13D8A8C3007612E6 /* SpielrasterView.m */; };
		419F0F241433836F009AF98E /* SpielrasterViewController.m in Sources */ = {isa = PBXBuildFile; fileRef = 41D9262F13D8A8C3007612E6 /* SpielrasterViewController.m */; };
		419F0F251433836F009AF98E /* UIColor+Tools.m in Sources */ = {isa = PBXBuildFile; fileRef = 41D9263113D8A8C3007612E6 /* UIColor+Tools.m */; };
		419F0F261433836F009AF98E /* SoundManager.m in Sources */ = {isa = PBXBuildFile; fileRef = 418E613613D9C2260028A3D9 /* SoundManager.m */; };
		419F0F271433836F009AF98E /* Datenhaltung.m in Sources */ = {isa = PBXBuildFile; fileRef = 418E613A13D9CE290028A3D9 /* Datenhaltung.m */; };
		419F0F281433836F009AF98E /* SettingsViewController.m in Sources */ = {isa = PBXBuildFile; fileRef = 412BFEF813DE242300159AD4 /* SettingsViewController.m */; };
		419F0F291433836F009AF98E /* UIAlertView-BKAdditions.m in Sources */ = {isa = PBXBuildFile; fileRef = 413A1E6E13E360D600DAD8A3 /* UIAlertView-BKAdditions.m */; };
		419F0F2A1433836F009AF98E /* JengoColor.xcdatamodeld in Sources */ = {isa = PBXBuildFile; fileRef = 41FE192713F06D7700BF4656 /* JengoColor.xcdatamodeld */; };
		419F0F2B1433836F009AF98E /* Spiel.m in Sources */ = {isa = PBXBuildFile; fileRef = 41FE196213F0845900BF4656 /* Spiel.m */; };
		419F0F2C1433836F009AF98E /* StatistikView.m in Sources */ = {isa = PBXBuildFile; fileRef = 415A1F1D14276BCD00328122 /* StatistikView.m */; };
		419F0F2D1433836F009AF98E /* StatistikViewController.m in Sources */ = {isa = PBXBuildFile; fileRef = 415A1F2014277D9800328122 /* StatistikViewController.m */; };
		419F0F2E1433836F009AF98E /* UIActionSheet-BKAdditions.m in Sources */ = {isa = PBXBuildFile; fileRef = 41C61E3014289D4700B513EB /* UIActionSheet-BKAdditions.m */; };
		419F0F301433836F009AF98E /* CoreData.framework in Frameworks */ = {isa = PBXBuildFile; fileRef = 41FE195913F0740A00BF4656 /* CoreData.framework */; };
		419F0F311433836F009AF98E /* AudioToolbox.framework in Frameworks */ = {isa = PBXBuildFile; fileRef = 41D9264D13D8ED4F007612E6 /* AudioToolbox.framework */; };
		419F0F321433836F009AF98E /* QuartzCore.framework in Frameworks */ = {isa = PBXBuildFile; fileRef = 41D9264813D8AAE8007612E6 /* QuartzCore.framework */; };
		419F0F331433836F009AF98E /* UIKit.framework in Frameworks */ = {isa = PBXBuildFile; fileRef = 41D925D013D8A76B007612E6 /* UIKit.framework */; };
		419F0F341433836F009AF98E /* Foundation.framework in Frameworks */ = {isa = PBXBuildFile; fileRef = 41D925D213D8A76B007612E6 /* Foundation.framework */; };
		419F0F351433836F009AF98E /* CoreGraphics.framework in Frameworks */ = {isa = PBXBuildFile; fileRef = 41D925D413D8A76B007612E6 /* CoreGraphics.framework */; };
		419F0F381433836F009AF98E /* StatistikView.xib in Resources */ = {isa = PBXBuildFile; fileRef = 418456491428D76700C9A68E /* StatistikView.xib */; };
		419F0F391433836F009AF98E /* SettingsViewController.xib in Resources */ = {isa = PBXBuildFile; fileRef = 41EBBD3B1428D2EF0019D98A /* SettingsViewController.xib */; };
		419F0F3B1433836F009AF98E /* 210.caf in Resources */ = {isa = PBXBuildFile; fileRef = 41D9264F13D8EE67007612E6 /* 210.caf */; };
		419F0F3C1433836F009AF98E /* 215.caf in Resources */ = {isa = PBXBuildFile; fileRef = 41D9265513D8F703007612E6 /* 215.caf */; };
		419F0F3D1433836F009AF98E /* 225.caf in Resources */ = {isa = PBXBuildFile; fileRef = 41D9265613D8F703007612E6 /* 225.caf */; };
		419F0F3E1433836F009AF98E /* InfoPlist.strings in Resources */ = {isa = PBXBuildFile; fileRef = 41D9265A13D8F9E9007612E6 /* InfoPlist.strings */; };
		419F0F3F1433836F009AF98E /* speaker.png in Resources */ = {isa = PBXBuildFile; fileRef = 419DCB2413DA5FB500745241 /* speaker.png */; };
		419F0F401433836F009AF98E /* speaker_off.png in Resources */ = {isa = PBXBuildFile; fileRef = 419DCB2813DA60EF00745241 /* speaker_off.png */; };
		419F0F411433836F009AF98E /* ledertextur@2x.png in Resources */ = {isa = PBXBuildFile; fileRef = 412BFEBA13DE14F300159AD4 /* ledertextur@2x.png */; };
		419F0F421433836F009AF98E /* ledertextur.png in Resources */ = {isa = PBXBuildFile; fileRef = 412BFEBB13DE14F300159AD4 /* ledertextur.png */; };
		419F0F431433836F009AF98E /* farbkloetzchen@2x.png in Resources */ = {isa = PBXBuildFile; fileRef = 415A8A4B13DF58A100FF0F3A /* farbkloetzchen@2x.png */; };
		419F0F441433836F009AF98E /* farbkloetzchen.png in Resources */ = {isa = PBXBuildFile; fileRef = 41A114B113DF6CA300B2F0DB /* farbkloetzchen.png */; };
		419F0F451433836F009AF98E /* farbkloetzchen-jengo.png in Resources */ = {isa = PBXBuildFile; fileRef = 41A114B313DF6EF100B2F0DB /* farbkloetzchen-jengo.png */; };
		419F0F461433836F009AF98E /* farbkloetzchen-jengo@2x.png in Resources */ = {isa = PBXBuildFile; fileRef = 41A114B413DF6EF100B2F0DB /* farbkloetzchen-jengo@2x.png */; };
		419F0F471433836F009AF98E /* Default.png in Resources */ = {isa = PBXBuildFile; fileRef = 41065C6013E20D6B00725686 /* Default.png */; };
		419F0F481433836F009AF98E /* Default@2x.png in Resources */ = {isa = PBXBuildFile; fileRef = 41065C6213E20D7200725686 /* Default@2x.png */; };
		419F0F491433836F009AF98E /* Icon.png in Resources */ = {isa = PBXBuildFile; fileRef = 41065C6813E216A600725686 /* Icon.png */; };
		419F0F4A1433836F009AF98E /* IconRetina.png in Resources */ = {isa = PBXBuildFile; fileRef = 41065C6A13E216C400725686 /* IconRetina.png */; };
		419F0F4B1433836F009AF98E /* smalltrash.png in Resources */ = {isa = PBXBuildFile; fileRef = 41C61E2C142898FA00B513EB /* smalltrash.png */; };
		419F0F4C1433836F009AF98E /* Localizable.strings in Resources */ = {isa = PBXBuildFile; fileRef = 41EBBD371428D1600019D98A /* Localizable.strings */; };
		419F0F4D1433836F009AF98E /* GewonnenView.xib in Resources */ = {isa = PBXBuildFile; fileRef = 41EBBD3F1428D3B70019D98A /* GewonnenView.xib */; };
		419F0F511433836F009AF98E /* smalltrash@2x.png in Resources */ = {isa = PBXBuildFile; fileRef = 4184566A1428E86100C9A68E /* smalltrash@2x.png */; };
		419F0FA7143384C1009AF98E /* GewonnenView.xib in Resources */ = {isa = PBXBuildFile; fileRef = 419F0F9A143384C1009AF98E /* GewonnenView.xib */; };
		419F0FA8143384C1009AF98E /* SettingsViewController.xib in Resources */ = {isa = PBXBuildFile; fileRef = 419F0F9C143384C1009AF98E /* SettingsViewController.xib */; };
		419F0FA9143384C1009AF98E /* StatistikView.xib in Resources */ = {isa = PBXBuildFile; fileRef = 419F0F9E143384C1009AF98E /* StatistikView.xib */; };
		419F0FAA143384C1009AF98E /* FarbspielViewController.xib in Resources */ = {isa = PBXBuildFile; fileRef = 419F0FA0143384C1009AF98E /* FarbspielViewController.xib */; };
		419F0FAB143384C1009AF98E /* MainWindow.xib in Resources */ = {isa = PBXBuildFile; fileRef = 419F0FA3143384C1009AF98E /* MainWindow.xib */; };
		41A114B213DF6CA300B2F0DB /* farbkloetzchen.png in Resources */ = {isa = PBXBuildFile; fileRef = 41A114B113DF6CA300B2F0DB /* farbkloetzchen.png */; };
		41A114B513DF6EF100B2F0DB /* farbkloetzchen-jengo.png in Resources */ = {isa = PBXBuildFile; fileRef = 41A114B313DF6EF100B2F0DB /* farbkloetzchen-jengo.png */; };
		41A114B613DF6EF100B2F0DB /* farbkloetzchen-jengo@2x.png in Resources */ = {isa = PBXBuildFile; fileRef = 41A114B413DF6EF100B2F0DB /* farbkloetzchen-jengo@2x.png */; };
		41C61E2D142898FA00B513EB /* smalltrash.png in Resources */ = {isa = PBXBuildFile; fileRef = 41C61E2C142898FA00B513EB /* smalltrash.png */; };
		41C61E3114289D4700B513EB /* UIActionSheet-BKAdditions.m in Sources */ = {isa = PBXBuildFile; fileRef = 41C61E3014289D4700B513EB /* UIActionSheet-BKAdditions.m */; };
		41D925D113D8A76B007612E6 /* UIKit.framework in Frameworks */ = {isa = PBXBuildFile; fileRef = 41D925D013D8A76B007612E6 /* UIKit.framework */; };
		41D925D313D8A76B007612E6 /* Foundation.framework in Frameworks */ = {isa = PBXBuildFile; fileRef = 41D925D213D8A76B007612E6 /* Foundation.framework */; };
		41D925D513D8A76B007612E6 /* CoreGraphics.framework in Frameworks */ = {isa = PBXBuildFile; fileRef = 41D925D413D8A76B007612E6 /* CoreGraphics.framework */; };
		41D925E113D8A76B007612E6 /* FarbspielAppDelegate.m in Sources */ = {isa = PBXBuildFile; fileRef = 41D925E013D8A76B007612E6 /* FarbspielAppDelegate.m */; };
		41D925E713D8A76B007612E6 /* FarbspielViewController.m in Sources */ = {isa = PBXBuildFile; fileRef = 41D925E613D8A76B007612E6 /* FarbspielViewController.m */; };
		41D925F213D8A76B007612E6 /* SenTestingKit.framework in Frameworks */ = {isa = PBXBuildFile; fileRef = 41D925F113D8A76B007612E6 /* SenTestingKit.framework */; };
		41D925F313D8A76B007612E6 /* UIKit.framework in Frameworks */ = {isa = PBXBuildFile; fileRef = 41D925D013D8A76B007612E6 /* UIKit.framework */; };
		41D925F413D8A76B007612E6 /* Foundation.framework in Frameworks */ = {isa = PBXBuildFile; fileRef = 41D925D213D8A76B007612E6 /* Foundation.framework */; };
		41D925F513D8A76B007612E6 /* CoreGraphics.framework in Frameworks */ = {isa = PBXBuildFile; fileRef = 41D925D413D8A76B007612E6 /* CoreGraphics.framework */; };
		41D925FD13D8A76B007612E6 /* InfoPlist.strings in Resources */ = {isa = PBXBuildFile; fileRef = 41D925FB13D8A76B007612E6 /* InfoPlist.strings */; };
		41D9263513D8A8C3007612E6 /* ColorfulButton.m in Sources */ = {isa = PBXBuildFile; fileRef = 41D9261A13D8A8C3007612E6 /* ColorfulButton.m */; };
		41D9263613D8A8C3007612E6 /* Farbmapping.m in Sources */ = {isa = PBXBuildFile; fileRef = 41D9261C13D8A8C3007612E6 /* Farbmapping.m */; };
		41D9263C13D8A8C3007612E6 /* main.m in Sources */ = {isa = PBXBuildFile; fileRef = 41D9262513D8A8C3007612E6 /* main.m */; };
		41D9263D13D8A8C3007612E6 /* NSMutableArray+StackMethods.m in Sources */ = {isa = PBXBuildFile; fileRef = 41D9262713D8A8C3007612E6 /* NSMutableArray+StackMethods.m */; };
		41D9263E13D8A8C3007612E6 /* Pair.m in Sources */ = {isa = PBXBuildFile; fileRef = 41D9262913D8A8C3007612E6 /* Pair.m */; };
		41D9263F13D8A8C3007612E6 /* Spielmodel.m in Sources */ = {isa = PBXBuildFile; fileRef = 41D9262B13D8A8C3007612E6 /* Spielmodel.m */; };
		41D9264013D8A8C3007612E6 /* SpielrasterView.m in Sources */ = {isa = PBXBuildFile; fileRef = 41D9262D13D8A8C3007612E6 /* SpielrasterView.m */; };
		41D9264113D8A8C3007612E6 /* SpielrasterViewController.m in Sources */ = {isa = PBXBuildFile; fileRef = 41D9262F13D8A8C3007612E6 /* SpielrasterViewController.m */; };
		41D9264213D8A8C3007612E6 /* UIColor+Tools.m in Sources */ = {isa = PBXBuildFile; fileRef = 41D9263113D8A8C3007612E6 /* UIColor+Tools.m */; };
		41D9264913D8AAE8007612E6 /* QuartzCore.framework in Frameworks */ = {isa = PBXBuildFile; fileRef = 41D9264813D8AAE8007612E6 /* QuartzCore.framework */; };
		41D9264E13D8ED4F007612E6 /* AudioToolbox.framework in Frameworks */ = {isa = PBXBuildFile; fileRef = 41D9264D13D8ED4F007612E6 /* AudioToolbox.framework */; };
		41D9265013D8EE67007612E6 /* 210.caf in Resources */ = {isa = PBXBuildFile; fileRef = 41D9264F13D8EE67007612E6 /* 210.caf */; };
		41D9265713D8F704007612E6 /* 215.caf in Resources */ = {isa = PBXBuildFile; fileRef = 41D9265513D8F703007612E6 /* 215.caf */; };
		41D9265813D8F704007612E6 /* 225.caf in Resources */ = {isa = PBXBuildFile; fileRef = 41D9265613D8F703007612E6 /* 225.caf */; };
		41D9265B13D8F9E9007612E6 /* InfoPlist.strings in Resources */ = {isa = PBXBuildFile; fileRef = 41D9265A13D8F9E9007612E6 /* InfoPlist.strings */; };
		41EBBD351428D1600019D98A /* Localizable.strings in Resources */ = {isa = PBXBuildFile; fileRef = 41EBBD371428D1600019D98A /* Localizable.strings */; };
		41FE192913F06D7700BF4656 /* JengoColor.xcdatamodeld in Sources */ = {isa = PBXBuildFile; fileRef = 41FE192713F06D7700BF4656 /* JengoColor.xcdatamodeld */; };
		41FE195A13F0740A00BF4656 /* CoreData.framework in Frameworks */ = {isa = PBXBuildFile; fileRef = 41FE195913F0740A00BF4656 /* CoreData.framework */; };
		41FE196313F0845900BF4656 /* Spiel.m in Sources */ = {isa = PBXBuildFile; fileRef = 41FE196213F0845900BF4656 /* Spiel.m */; };
/* End PBXBuildFile section */

/* Begin PBXContainerItemProxy section */
		41D925F613D8A76B007612E6 /* PBXContainerItemProxy */ = {
			isa = PBXContainerItemProxy;
			containerPortal = 41D925C313D8A76B007612E6 /* Project object */;
			proxyType = 1;
			remoteGlobalIDString = 41D925CB13D8A76B007612E6;
			remoteInfo = Farbspiel;
		};
/* End PBXContainerItemProxy section */

/* Begin PBXFileReference section */
		41065C6013E20D6B00725686 /* Default.png */ = {isa = PBXFileReference; lastKnownFileType = image.png; name = Default.png; path = ../Default.png; sourceTree = "<group>"; };
		41065C6213E20D7200725686 /* Default@2x.png */ = {isa = PBXFileReference; lastKnownFileType = image.png; name = "Default@2x.png"; path = "../Default@2x.png"; sourceTree = "<group>"; };
		41065C6813E216A600725686 /* Icon.png */ = {isa = PBXFileReference; lastKnownFileType = image.png; name = Icon.png; path = ../Icon.png; sourceTree = "<group>"; };
		41065C6A13E216C400725686 /* IconRetina.png */ = {isa = PBXFileReference; lastKnownFileType = image.png; name = IconRetina.png; path = ../IconRetina.png; sourceTree = "<group>"; };
		41156F391451B226002642CD /* Default-Portrait~ipad.png */ = {isa = PBXFileReference; lastKnownFileType = image.png; name = "Default-Portrait~ipad.png"; path = "../Default-Portrait~ipad.png"; sourceTree = "<group>"; };
		412BFEBA13DE14F300159AD4 /* ledertextur@2x.png */ = {isa = PBXFileReference; lastKnownFileType = image.png; path = "ledertextur@2x.png"; sourceTree = "<group>"; };
		412BFEBB13DE14F300159AD4 /* ledertextur.png */ = {isa = PBXFileReference; lastKnownFileType = image.png; path = ledertextur.png; sourceTree = "<group>"; };
		412BFEF713DE242300159AD4 /* SettingsViewController.h */ = {isa = PBXFileReference; fileEncoding = 4; lastKnownFileType = sourcecode.c.h; path = SettingsViewController.h; sourceTree = "<group>"; };
		412BFEF813DE242300159AD4 /* SettingsViewController.m */ = {isa = PBXFileReference; fileEncoding = 4; lastKnownFileType = sourcecode.c.objc; path = SettingsViewController.m; sourceTree = "<group>"; };
		413A1E6D13E360D600DAD8A3 /* UIAlertView-BKAdditions.h */ = {isa = PBXFileReference; fileEncoding = 4; lastKnownFileType = sourcecode.c.h; path = "UIAlertView-BKAdditions.h"; sourceTree = "<group>"; };
		413A1E6E13E360D600DAD8A3 /* UIAlertView-BKAdditions.m */ = {isa = PBXFileReference; fileEncoding = 4; lastKnownFileType = sourcecode.c.objc; path = "UIAlertView-BKAdditions.m"; sourceTree = "<group>"; };
		413A1E7013E360EF00DAD8A3 /* BKTypes.h */ = {isa = PBXFileReference; fileEncoding = 4; lastKnownFileType = sourcecode.c.h; path = BKTypes.h; sourceTree = "<group>"; };
		415A1F1C14276BCD00328122 /* StatistikView.h */ = {isa = PBXFileReference; fileEncoding = 4; lastKnownFileType = sourcecode.c.h; path = StatistikView.h; sourceTree = "<group>"; };
		415A1F1D14276BCD00328122 /* StatistikView.m */ = {isa = PBXFileReference; fileEncoding = 4; lastKnownFileType = sourcecode.c.objc; path = StatistikView.m; sourceTree = "<group>"; };
		415A1F1F14277D9700328122 /* StatistikViewController.h */ = {isa = PBXFileReference; fileEncoding = 4; lastKnownFileType = sourcecode.c.h; path = StatistikViewController.h; sourceTree = "<group>"; };
		415A1F2014277D9800328122 /* StatistikViewController.m */ = {isa = PBXFileReference; fileEncoding = 4; lastKnownFileType = sourcecode.c.objc; path = StatistikViewController.m; sourceTree = "<group>"; };
		415A8A4B13DF58A100FF0F3A /* farbkloetzchen@2x.png */ = {isa = PBXFileReference; lastKnownFileType = image.png; path = "farbkloetzchen@2x.png"; sourceTree = "<group>"; };
		4184564B1428D76700C9A68E /* en */ = {isa = PBXFileReference; lastKnownFileType = file.xib; name = en; path = en.lproj/FarbspielViewController.xib; sourceTree = "<group>"; };
		4184564C1428D76700C9A68E /* en */ = {isa = PBXFileReference; lastKnownFileType = file.xib; name = en; path = en.lproj/StatistikView.xib; sourceTree = "<group>"; };
		4184565B1428DD5300C9A68E /* de */ = {isa = PBXFileReference; lastKnownFileType = file.xib; name = de; path = de.lproj/StatistikView.xib; sourceTree = "<group>"; };
		4184565D1428DEC800C9A68E /* de */ = {isa = PBXFileReference; lastKnownFileType = file.xib; name = de; path = de.lproj/SettingsViewController.xib; sourceTree = "<group>"; };
		4184565F1428DF8500C9A68E /* de */ = {isa = PBXFileReference; lastKnownFileType = file.xib; name = de; path = de.lproj/GewonnenView.xib; sourceTree = "<group>"; };
		418456641428E42600C9A68E /* de */ = {isa = PBXFileReference; fileEncoding = 10; lastKnownFileType = text.plist.strings; name = de; path = de.lproj/Localizable.strings; sourceTree = "<group>"; };
		4184566A1428E86100C9A68E /* smalltrash@2x.png */ = {isa = PBXFileReference; lastKnownFileType = image.png; path = "smalltrash@2x.png"; sourceTree = "<group>"; };
		418812C51429D54F00F2BBE8 /* Farbspiel (KIF Tests).app */ = {isa = PBXFileReference; explicitFileType = wrapper.application; includeInIndex = 0; path = "Farbspiel (KIF Tests).app"; sourceTree = BUILT_PRODUCTS_DIR; };
		418E613513D9C2260028A3D9 /* SoundManager.h */ = {isa = PBXFileReference; fileEncoding = 4; lastKnownFileType = sourcecode.c.h; path = SoundManager.h; sourceTree = "<group>"; };
		418E613613D9C2260028A3D9 /* SoundManager.m */ = {isa = PBXFileReference; fileEncoding = 4; lastKnownFileType = sourcecode.c.objc; path = SoundManager.m; sourceTree = "<group>"; };
		418E613913D9CE290028A3D9 /* Datenhaltung.h */ = {isa = PBXFileReference; fileEncoding = 4; lastKnownFileType = sourcecode.c.h; path = Datenhaltung.h; sourceTree = "<group>"; };
		418E613A13D9CE290028A3D9 /* Datenhaltung.m */ = {isa = PBXFileReference; fileEncoding = 4; lastKnownFileType = sourcecode.c.objc; path = Datenhaltung.m; sourceTree = "<group>"; };
		418E613C13D9D4DD0028A3D9 /* Prefkeys.h */ = {isa = PBXFileReference; fileEncoding = 4; lastKnownFileType = sourcecode.c.h; path = Prefkeys.h; sourceTree = "<group>"; };
		418F3C3E142A13D7006B1556 /* KIFTestScenario+FarbspielAdditions.h */ = {isa = PBXFileReference; fileEncoding = 4; lastKnownFileType = sourcecode.c.h; path = "KIFTestScenario+FarbspielAdditions.h"; sourceTree = "<group>"; };
		418F3C3F142A13D7006B1556 /* KIFTestScenario+FarbspielAdditions.m */ = {isa = PBXFileReference; fileEncoding = 4; lastKnownFileType = sourcecode.c.objc; path = "KIFTestScenario+FarbspielAdditions.m"; sourceTree = "<group>"; };
		418F3C41142A158F006B1556 /* FarbspielTestController.h */ = {isa = PBXFileReference; fileEncoding = 4; lastKnownFileType = sourcecode.c.h; path = FarbspielTestController.h; sourceTree = "<group>"; };
		418F3C42142A158F006B1556 /* FarbspielTestController.m */ = {isa = PBXFileReference; fileEncoding = 4; lastKnownFileType = sourcecode.c.objc; path = FarbspielTestController.m; sourceTree = "<group>"; };
		418F3C46142A170D006B1556 /* libKIF.a */ = {isa = PBXFileReference; lastKnownFileType = archive.ar; name = libKIF.a; path = "../../cc/SharedBuildOutput/Release-iphoneos/libKIF.a"; sourceTree = "<group>"; };
		419DCB2413DA5FB500745241 /* speaker.png */ = {isa = PBXFileReference; lastKnownFileType = image.png; path = speaker.png; sourceTree = "<group>"; };
		419DCB2813DA60EF00745241 /* speaker_off.png */ = {isa = PBXFileReference; lastKnownFileType = image.png; path = speaker_off.png; sourceTree = "<group>"; };
		419F0F551433836F009AF98E /* Farbspiel-iPad.app */ = {isa = PBXFileReference; explicitFileType = wrapper.application; includeInIndex = 0; path = "Farbspiel-iPad.app"; sourceTree = BUILT_PRODUCTS_DIR; };
		419F0F5814338370009AF98E /* Farbspiel copy-Info.plist */ = {isa = PBXFileReference; lastKnownFileType = text.plist.xml; name = "Farbspiel copy-Info.plist"; path = "/Users/ds/Documents/Privat/Farbspiel/Farbspiel copy-Info.plist"; sourceTree = "<absolute>"; };
		419F0F9B143384C1009AF98E /* de */ = {isa = PBXFileReference; lastKnownFileType = file.xib; name = de; path = de.lproj/GewonnenView.xib; sourceTree = "<group>"; };
		419F0F9D143384C1009AF98E /* de */ = {isa = PBXFileReference; lastKnownFileType = file.xib; name = de; path = de.lproj/SettingsViewController.xib; sourceTree = "<group>"; };
		419F0F9F143384C1009AF98E /* de */ = {isa = PBXFileReference; lastKnownFileType = file.xib; name = de; path = de.lproj/StatistikView.xib; sourceTree = "<group>"; };
		419F0FA1143384C1009AF98E /* en */ = {isa = PBXFileReference; lastKnownFileType = file.xib; name = en; path = en.lproj/FarbspielViewController.xib; sourceTree = "<group>"; };
		419F0FA2143384C1009AF98E /* en */ = {isa = PBXFileReference; lastKnownFileType = file.xib; name = en; path = en.lproj/GewonnenView.xib; sourceTree = "<group>"; };
		419F0FA4143384C1009AF98E /* en */ = {isa = PBXFileReference; lastKnownFileType = file.xib; name = en; path = en.lproj/MainWindow.xib; sourceTree = "<group>"; };
		419F0FA5143384C1009AF98E /* en */ = {isa = PBXFileReference; lastKnownFileType = file.xib; name = en; path = en.lproj/SettingsViewController.xib; sourceTree = "<group>"; };
		419F0FA6143384C1009AF98E /* en */ = {isa = PBXFileReference; lastKnownFileType = file.xib; name = en; path = en.lproj/StatistikView.xib; sourceTree = "<group>"; };
		41A114B113DF6CA300B2F0DB /* farbkloetzchen.png */ = {isa = PBXFileReference; lastKnownFileType = image.png; path = farbkloetzchen.png; sourceTree = "<group>"; };
		41A114B313DF6EF100B2F0DB /* farbkloetzchen-jengo.png */ = {isa = PBXFileReference; lastKnownFileType = image.png; path = "farbkloetzchen-jengo.png"; sourceTree = "<group>"; };
		41A114B413DF6EF100B2F0DB /* farbkloetzchen-jengo@2x.png */ = {isa = PBXFileReference; lastKnownFileType = image.png; path = "farbkloetzchen-jengo@2x.png"; sourceTree = "<group>"; };
		41C61E2C142898FA00B513EB /* smalltrash.png */ = {isa = PBXFileReference; lastKnownFileType = image.png; path = smalltrash.png; sourceTree = "<group>"; };
		41C61E2F14289D4700B513EB /* UIActionSheet-BKAdditions.h */ = {isa = PBXFileReference; fileEncoding = 4; lastKnownFileType = sourcecode.c.h; path = "UIActionSheet-BKAdditions.h"; sourceTree = "<group>"; };
		41C61E3014289D4700B513EB /* UIActionSheet-BKAdditions.m */ = {isa = PBXFileReference; fileEncoding = 4; lastKnownFileType = sourcecode.c.objc; path = "UIActionSheet-BKAdditions.m"; sourceTree = "<group>"; };
		41D925CC13D8A76B007612E6 /* Farbspiel.app */ = {isa = PBXFileReference; explicitFileType = wrapper.application; includeInIndex = 0; path = Farbspiel.app; sourceTree = BUILT_PRODUCTS_DIR; };
		41D925D013D8A76B007612E6 /* UIKit.framework */ = {isa = PBXFileReference; lastKnownFileType = wrapper.framework; name = UIKit.framework; path = System/Library/Frameworks/UIKit.framework; sourceTree = SDKROOT; };
		41D925D213D8A76B007612E6 /* Foundation.framework */ = {isa = PBXFileReference; lastKnownFileType = wrapper.framework; name = Foundation.framework; path = System/Library/Frameworks/Foundation.framework; sourceTree = SDKROOT; };
		41D925D413D8A76B007612E6 /* CoreGraphics.framework */ = {isa = PBXFileReference; lastKnownFileType = wrapper.framework; name = CoreGraphics.framework; path = System/Library/Frameworks/CoreGraphics.framework; sourceTree = SDKROOT; };
		41D925D813D8A76B007612E6 /* Farbspiel-Info.plist */ = {isa = PBXFileReference; lastKnownFileType = text.plist.xml; path = "Farbspiel-Info.plist"; sourceTree = "<group>"; };
		41D925DE13D8A76B007612E6 /* Farbspiel-Prefix.pch */ = {isa = PBXFileReference; lastKnownFileType = sourcecode.c.h; path = "Farbspiel-Prefix.pch"; sourceTree = "<group>"; };
		41D925DF13D8A76B007612E6 /* FarbspielAppDelegate.h */ = {isa = PBXFileReference; lastKnownFileType = sourcecode.c.h; path = FarbspielAppDelegate.h; sourceTree = "<group>"; };
		41D925E013D8A76B007612E6 /* FarbspielAppDelegate.m */ = {isa = PBXFileReference; lastKnownFileType = sourcecode.c.objc; path = FarbspielAppDelegate.m; sourceTree = "<group>"; };
		41D925E313D8A76B007612E6 /* en */ = {isa = PBXFileReference; lastKnownFileType = file.xib; name = en; path = en.lproj/MainWindow.xib; sourceTree = "<group>"; };
		41D925E513D8A76B007612E6 /* FarbspielViewController.h */ = {isa = PBXFileReference; lastKnownFileType = sourcecode.c.h; path = FarbspielViewController.h; sourceTree = "<group>"; };
		41D925E613D8A76B007612E6 /* FarbspielViewController.m */ = {isa = PBXFileReference; lastKnownFileType = sourcecode.c.objc; path = FarbspielViewController.m; sourceTree = "<group>"; };
		41D925F013D8A76B007612E6 /* FarbspielTests.octest */ = {isa = PBXFileReference; explicitFileType = wrapper.cfbundle; includeInIndex = 0; path = FarbspielTests.octest; sourceTree = BUILT_PRODUCTS_DIR; };
		41D925F113D8A76B007612E6 /* SenTestingKit.framework */ = {isa = PBXFileReference; lastKnownFileType = wrapper.framework; name = SenTestingKit.framework; path = Library/Frameworks/SenTestingKit.framework; sourceTree = DEVELOPER_DIR; };
		41D925FA13D8A76B007612E6 /* FarbspielTests-Info.plist */ = {isa = PBXFileReference; lastKnownFileType = text.plist.xml; path = "FarbspielTests-Info.plist"; sourceTree = "<group>"; };
		41D925FC13D8A76B007612E6 /* en */ = {isa = PBXFileReference; lastKnownFileType = text.plist.strings; name = en; path = en.lproj/InfoPlist.strings; sourceTree = "<group>"; };
		41D9261913D8A8C3007612E6 /* ColorfulButton.h */ = {isa = PBXFileReference; fileEncoding = 4; lastKnownFileType = sourcecode.c.h; path = ColorfulButton.h; sourceTree = "<group>"; };
		41D9261A13D8A8C3007612E6 /* ColorfulButton.m */ = {isa = PBXFileReference; fileEncoding = 4; lastKnownFileType = sourcecode.c.objc; path = ColorfulButton.m; sourceTree = "<group>"; };
		41D9261B13D8A8C3007612E6 /* Farbmapping.h */ = {isa = PBXFileReference; fileEncoding = 4; lastKnownFileType = sourcecode.c.h; path = Farbmapping.h; sourceTree = "<group>"; };
		41D9261C13D8A8C3007612E6 /* Farbmapping.m */ = {isa = PBXFileReference; fileEncoding = 4; lastKnownFileType = sourcecode.c.objc; path = Farbmapping.m; sourceTree = "<group>"; };
		41D9262513D8A8C3007612E6 /* main.m */ = {isa = PBXFileReference; fileEncoding = 4; lastKnownFileType = sourcecode.c.objc; path = main.m; sourceTree = "<group>"; };
		41D9262613D8A8C3007612E6 /* NSMutableArray+StackMethods.h */ = {isa = PBXFileReference; fileEncoding = 4; lastKnownFileType = sourcecode.c.h; path = "NSMutableArray+StackMethods.h"; sourceTree = "<group>"; };
		41D9262713D8A8C3007612E6 /* NSMutableArray+StackMethods.m */ = {isa = PBXFileReference; fileEncoding = 4; lastKnownFileType = sourcecode.c.objc; path = "NSMutableArray+StackMethods.m"; sourceTree = "<group>"; };
		41D9262813D8A8C3007612E6 /* Pair.h */ = {isa = PBXFileReference; fileEncoding = 4; lastKnownFileType = sourcecode.c.h; path = Pair.h; sourceTree = "<group>"; };
		41D9262913D8A8C3007612E6 /* Pair.m */ = {isa = PBXFileReference; fileEncoding = 4; lastKnownFileType = sourcecode.c.objc; path = Pair.m; sourceTree = "<group>"; };
		41D9262A13D8A8C3007612E6 /* Spielmodel.h */ = {isa = PBXFileReference; fileEncoding = 4; lastKnownFileType = sourcecode.c.h; path = Spielmodel.h; sourceTree = "<group>"; };
		41D9262B13D8A8C3007612E6 /* Spielmodel.m */ = {isa = PBXFileReference; fileEncoding = 4; lastKnownFileType = sourcecode.c.objc; path = Spielmodel.m; sourceTree = "<group>"; };
		41D9262C13D8A8C3007612E6 /* SpielrasterView.h */ = {isa = PBXFileReference; fileEncoding = 4; lastKnownFileType = sourcecode.c.h; path = SpielrasterView.h; sourceTree = "<group>"; };
		41D9262D13D8A8C3007612E6 /* SpielrasterView.m */ = {isa = PBXFileReference; fileEncoding = 4; lastKnownFileType = sourcecode.c.objc; path = SpielrasterView.m; sourceTree = "<group>"; };
		41D9262E13D8A8C3007612E6 /* SpielrasterViewController.h */ = {isa = PBXFileReference; fileEncoding = 4; lastKnownFileType = sourcecode.c.h; path = SpielrasterViewController.h; sourceTree = "<group>"; };
		41D9262F13D8A8C3007612E6 /* SpielrasterViewController.m */ = {isa = PBXFileReference; fileEncoding = 4; lastKnownFileType = sourcecode.c.objc; path = SpielrasterViewController.m; sourceTree = "<group>"; };
		41D9263013D8A8C3007612E6 /* UIColor+Tools.h */ = {isa = PBXFileReference; fileEncoding = 4; lastKnownFileType = sourcecode.c.h; path = "UIColor+Tools.h"; sourceTree = "<group>"; };
		41D9263113D8A8C3007612E6 /* UIColor+Tools.m */ = {isa = PBXFileReference; fileEncoding = 4; lastKnownFileType = sourcecode.c.objc; path = "UIColor+Tools.m"; sourceTree = "<group>"; };
		41D9264813D8AAE8007612E6 /* QuartzCore.framework */ = {isa = PBXFileReference; lastKnownFileType = wrapper.framework; name = QuartzCore.framework; path = System/Library/Frameworks/QuartzCore.framework; sourceTree = SDKROOT; };
		41D9264D13D8ED4F007612E6 /* AudioToolbox.framework */ = {isa = PBXFileReference; lastKnownFileType = wrapper.framework; name = AudioToolbox.framework; path = System/Library/Frameworks/AudioToolbox.framework; sourceTree = SDKROOT; };
		41D9264F13D8EE67007612E6 /* 210.caf */ = {isa = PBXFileReference; lastKnownFileType = file; path = 210.caf; sourceTree = "<group>"; };
		41D9265513D8F703007612E6 /* 215.caf */ = {isa = PBXFileReference; lastKnownFileType = file; path = 215.caf; sourceTree = "<group>"; };
		41D9265613D8F703007612E6 /* 225.caf */ = {isa = PBXFileReference; lastKnownFileType = file; path = 225.caf; sourceTree = "<group>"; };
		41D9265A13D8F9E9007612E6 /* InfoPlist.strings */ = {isa = PBXFileReference; fileEncoding = 4; lastKnownFileType = text.plist.strings; path = InfoPlist.strings; sourceTree = "<group>"; };
		41EBBD361428D1600019D98A /* en */ = {isa = PBXFileReference; fileEncoding = 10; lastKnownFileType = text.plist.strings; name = en; path = en.lproj/Localizable.strings; sourceTree = "<group>"; };
		41EBBD3A1428D2EF0019D98A /* en */ = {isa = PBXFileReference; lastKnownFileType = file.xib; name = en; path = en.lproj/SettingsViewController.xib; sourceTree = "<group>"; };
		41EBBD3E1428D3B70019D98A /* en */ = {isa = PBXFileReference; lastKnownFileType = file.xib; name = en; path = en.lproj/GewonnenView.xib; sourceTree = "<group>"; };
		41FE192813F06D7700BF4656 /* JengoColor.xcdatamodel */ = {isa = PBXFileReference; lastKnownFileType = wrapper.xcdatamodel; path = JengoColor.xcdatamodel; sourceTree = "<group>"; };
		41FE195913F0740A00BF4656 /* CoreData.framework */ = {isa = PBXFileReference; lastKnownFileType = wrapper.framework; name = CoreData.framework; path = System/Library/Frameworks/CoreData.framework; sourceTree = SDKROOT; };
		41FE196113F0845900BF4656 /* Spiel.h */ = {isa = PBXFileReference; fileEncoding = 4; lastKnownFileType = sourcecode.c.h; path = Spiel.h; sourceTree = "<group>"; };
		41FE196213F0845900BF4656 /* Spiel.m */ = {isa = PBXFileReference; fileEncoding = 4; lastKnownFileType = sourcecode.c.objc; path = Spiel.m; sourceTree = "<group>"; };
/* End PBXFileReference section */

/* Begin PBXFrameworksBuildPhase section */
		4188129F1429D54F00F2BBE8 /* Frameworks */ = {
			isa = PBXFrameworksBuildPhase;
			buildActionMask = 2147483647;
			files = (
				418F3C47142A170D006B1556 /* libKIF.a in Frameworks */,
				418812A01429D54F00F2BBE8 /* CoreData.framework in Frameworks */,
				418812A11429D54F00F2BBE8 /* AudioToolbox.framework in Frameworks */,
				418812A21429D54F00F2BBE8 /* QuartzCore.framework in Frameworks */,
				418812A31429D54F00F2BBE8 /* UIKit.framework in Frameworks */,
				418812A41429D54F00F2BBE8 /* Foundation.framework in Frameworks */,
				418812A51429D54F00F2BBE8 /* CoreGraphics.framework in Frameworks */,
			);
			runOnlyForDeploymentPostprocessing = 0;
		};
		419F0F2F1433836F009AF98E /* Frameworks */ = {
			isa = PBXFrameworksBuildPhase;
			buildActionMask = 2147483647;
			files = (
				419F0F301433836F009AF98E /* CoreData.framework in Frameworks */,
				419F0F311433836F009AF98E /* AudioToolbox.framework in Frameworks */,
				419F0F321433836F009AF98E /* QuartzCore.framework in Frameworks */,
				419F0F331433836F009AF98E /* UIKit.framework in Frameworks */,
				419F0F341433836F009AF98E /* Foundation.framework in Frameworks */,
				419F0F351433836F009AF98E /* CoreGraphics.framework in Frameworks */,
			);
			runOnlyForDeploymentPostprocessing = 0;
		};
		41D925C913D8A76B007612E6 /* Frameworks */ = {
			isa = PBXFrameworksBuildPhase;
			buildActionMask = 2147483647;
			files = (
				41FE195A13F0740A00BF4656 /* CoreData.framework in Frameworks */,
				41D9264E13D8ED4F007612E6 /* AudioToolbox.framework in Frameworks */,
				41D9264913D8AAE8007612E6 /* QuartzCore.framework in Frameworks */,
				41D925D113D8A76B007612E6 /* UIKit.framework in Frameworks */,
				41D925D313D8A76B007612E6 /* Foundation.framework in Frameworks */,
				41D925D513D8A76B007612E6 /* CoreGraphics.framework in Frameworks */,
			);
			runOnlyForDeploymentPostprocessing = 0;
		};
		41D925EC13D8A76B007612E6 /* Frameworks */ = {
			isa = PBXFrameworksBuildPhase;
			buildActionMask = 2147483647;
			files = (
				41D925F213D8A76B007612E6 /* SenTestingKit.framework in Frameworks */,
				41D925F313D8A76B007612E6 /* UIKit.framework in Frameworks */,
				41D925F413D8A76B007612E6 /* Foundation.framework in Frameworks */,
				41D925F513D8A76B007612E6 /* CoreGraphics.framework in Frameworks */,
			);
			runOnlyForDeploymentPostprocessing = 0;
		};
/* End PBXFrameworksBuildPhase section */

/* Begin PBXGroup section */
		412BFEFC13DE242900159AD4 /* SettingsView */ = {
			isa = PBXGroup;
			children = (
				412BFEF713DE242300159AD4 /* SettingsViewController.h */,
				412BFEF813DE242300159AD4 /* SettingsViewController.m */,
			);
			name = SettingsView;
			sourceTree = "<group>";
		};
		413A1E6713E3503300DAD8A3 /* Persistenz */ = {
			isa = PBXGroup;
			children = (
				418E613913D9CE290028A3D9 /* Datenhaltung.h */,
				418E613A13D9CE290028A3D9 /* Datenhaltung.m */,
				418E613C13D9D4DD0028A3D9 /* Prefkeys.h */,
				41FE192713F06D7700BF4656 /* JengoColor.xcdatamodeld */,
				41FE196113F0845900BF4656 /* Spiel.h */,
				41FE196213F0845900BF4656 /* Spiel.m */,
			);
			name = Persistenz;
			sourceTree = "<group>";
		};
		413A1E7113E5CC9F00DAD8A3 /* Resources */ = {
			isa = PBXGroup;
			children = (
				418812741428E93400F2BBE8 /* Images */,
				418812761428E95D00F2BBE8 /* Sounds */,
			);
			name = Resources;
			sourceTree = "<group>";
		};
		415A1F221427905500328122 /* StatistikView */ = {
			isa = PBXGroup;
			children = (
				415A1F1C14276BCD00328122 /* StatistikView.h */,
				415A1F1D14276BCD00328122 /* StatistikView.m */,
				415A1F1F14277D9700328122 /* StatistikViewController.h */,
				415A1F2014277D9800328122 /* StatistikViewController.m */,
			);
			name = StatistikView;
			sourceTree = "<group>";
		};
		418456611428DFC700C9A68E /* GUIs */ = {
			isa = PBXGroup;
			children = (
				418456471428D76700C9A68E /* FarbspielViewController.xib */,
				418456491428D76700C9A68E /* StatistikView.xib */,
				41EBBD3B1428D2EF0019D98A /* SettingsViewController.xib */,
				41EBBD3F1428D3B70019D98A /* GewonnenView.xib */,
				41D925E213D8A76B007612E6 /* MainWindow.xib */,
			);
			name = GUIs;
			sourceTree = "<group>";
		};
		418812741428E93400F2BBE8 /* Images */ = {
			isa = PBXGroup;
			children = (
				418812781428E9E900F2BBE8 /* Icons and Buttons */,
				418812771428E9D400F2BBE8 /* Backgrounds */,
				418812751428E94400F2BBE8 /* Springboard and Splash */,
			);
			name = Images;
			sourceTree = "<group>";
		};
		418812751428E94400F2BBE8 /* Springboard and Splash */ = {
			isa = PBXGroup;
			children = (
				41156F391451B226002642CD /* Default-Portrait~ipad.png */,
				41065C6A13E216C400725686 /* IconRetina.png */,
				41065C6813E216A600725686 /* Icon.png */,
				41065C6213E20D7200725686 /* Default@2x.png */,
				41065C6013E20D6B00725686 /* Default.png */,
			);
			name = "Springboard and Splash";
			sourceTree = "<group>";
		};
		418812761428E95D00F2BBE8 /* Sounds */ = {
			isa = PBXGroup;
			children = (
				41D9265513D8F703007612E6 /* 215.caf */,
				41D9265613D8F703007612E6 /* 225.caf */,
				41D9264F13D8EE67007612E6 /* 210.caf */,
			);
			name = Sounds;
			sourceTree = "<group>";
		};
		418812771428E9D400F2BBE8 /* Backgrounds */ = {
			isa = PBXGroup;
			children = (
				41A114B313DF6EF100B2F0DB /* farbkloetzchen-jengo.png */,
				41A114B413DF6EF100B2F0DB /* farbkloetzchen-jengo@2x.png */,
				41A114B113DF6CA300B2F0DB /* farbkloetzchen.png */,
				415A8A4B13DF58A100FF0F3A /* farbkloetzchen@2x.png */,
				412BFEBA13DE14F300159AD4 /* ledertextur@2x.png */,
				412BFEBB13DE14F300159AD4 /* ledertextur.png */,
			);
			name = Backgrounds;
			sourceTree = "<group>";
		};
		418812781428E9E900F2BBE8 /* Icons and Buttons */ = {
			isa = PBXGroup;
			children = (
				4184566A1428E86100C9A68E /* smalltrash@2x.png */,
				41C61E2C142898FA00B513EB /* smalltrash.png */,
				419DCB2413DA5FB500745241 /* speaker.png */,
				419DCB2813DA60EF00745241 /* speaker_off.png */,
			);
			name = "Icons and Buttons";
			sourceTree = "<group>";
		};
		418812791428EA2D00F2BBE8 /* Model */ = {
			isa = PBXGroup;
			children = (
				41D9262813D8A8C3007612E6 /* Pair.h */,
				41D9262913D8A8C3007612E6 /* Pair.m */,
				41D9262A13D8A8C3007612E6 /* Spielmodel.h */,
				41D9262B13D8A8C3007612E6 /* Spielmodel.m */,
			);
			name = Model;
			sourceTree = "<group>";
		};
		4188127A1428EA4300F2BBE8 /* Helper Classes */ = {
			isa = PBXGroup;
			children = (
				41D9261B13D8A8C3007612E6 /* Farbmapping.h */,
				41D9261C13D8A8C3007612E6 /* Farbmapping.m */,
			);
			name = "Helper Classes";
			sourceTree = "<group>";
		};
		419F0F99143384C1009AF98E /* Resources-iPad */ = {
			isa = PBXGroup;
			children = (
				419F0F9A143384C1009AF98E /* GewonnenView.xib */,
				419F0F9C143384C1009AF98E /* SettingsViewController.xib */,
				419F0F9E143384C1009AF98E /* StatistikView.xib */,
				419F0FA0143384C1009AF98E /* FarbspielViewController.xib */,
				419F0FA3143384C1009AF98E /* MainWindow.xib */,
			);
			name = "Resources-iPad";
			path = "Resources-iPad/Farbspiel";
			sourceTree = SOURCE_ROOT;
		};
		41D925C113D8A76B007612E6 = {
			isa = PBXGroup;
			children = (
				41D925D613D8A76B007612E6 /* Farbspiel */,
				41D925F813D8A76B007612E6 /* FarbspielTests */,
				41D925CF13D8A76B007612E6 /* Frameworks */,
				41D925CD13D8A76B007612E6 /* Products */,
				419F0F5814338370009AF98E /* Farbspiel copy-Info.plist */,
			);
			sourceTree = "<group>";
		};
		41D925CD13D8A76B007612E6 /* Products */ = {
			isa = PBXGroup;
			children = (
				41D925CC13D8A76B007612E6 /* Farbspiel.app */,
				41D925F013D8A76B007612E6 /* FarbspielTests.octest */,
				418812C51429D54F00F2BBE8 /* Farbspiel (KIF Tests).app */,
				419F0F551433836F009AF98E /* Farbspiel-iPad.app */,
			);
			name = Products;
			sourceTree = "<group>";
		};
		41D925CF13D8A76B007612E6 /* Frameworks */ = {
			isa = PBXGroup;
			children = (
				418F3C46142A170D006B1556 /* libKIF.a */,
				41FE195913F0740A00BF4656 /* CoreData.framework */,
				41D9264D13D8ED4F007612E6 /* AudioToolbox.framework */,
				41D9264813D8AAE8007612E6 /* QuartzCore.framework */,
				41D925D013D8A76B007612E6 /* UIKit.framework */,
				41D925D213D8A76B007612E6 /* Foundation.framework */,
				41D925D413D8A76B007612E6 /* CoreGraphics.framework */,
				41D925F113D8A76B007612E6 /* SenTestingKit.framework */,
			);
			name = Frameworks;
			sourceTree = "<group>";
		};
		41D925D613D8A76B007612E6 /* Farbspiel */ = {
			isa = PBXGroup;
			children = (
				419F0F99143384C1009AF98E /* Resources-iPad */,
				41D925D713D8A76B007612E6 /* Supporting Files */,
				418812791428EA2D00F2BBE8 /* Model */,
				418456611428DFC700C9A68E /* GUIs */,
				413A1E7113E5CC9F00DAD8A3 /* Resources */,
				41D9264513D8A9C3007612E6 /* Categories */,
				41D9264413D8A8D1007612E6 /* Colorful Button */,
				41D9264613D8AA09007612E6 /* FarbspielViewController */,
				4188127A1428EA4300F2BBE8 /* Helper Classes */,
				413A1E6713E3503300DAD8A3 /* Persistenz */,
				412BFEFC13DE242900159AD4 /* SettingsView */,
				41D9265913D8F965007612E6 /* Sound */,
				41D9264713D8AA21007612E6 /* SpielrasterView */,
				415A1F221427905500328122 /* StatistikView */,
			);
			path = Farbspiel;
			sourceTree = "<group>";
		};
		41D925D713D8A76B007612E6 /* Supporting Files */ = {
			isa = PBXGroup;
			children = (
				41EBBD371428D1600019D98A /* Localizable.strings */,
				41D925DF13D8A76B007612E6 /* FarbspielAppDelegate.h */,
				41D925E013D8A76B007612E6 /* FarbspielAppDelegate.m */,
				41D9262513D8A8C3007612E6 /* main.m */,
				41D925D813D8A76B007612E6 /* Farbspiel-Info.plist */,
				41D9265A13D8F9E9007612E6 /* InfoPlist.strings */,
				41D925DE13D8A76B007612E6 /* Farbspiel-Prefix.pch */,
			);
			name = "Supporting Files";
			sourceTree = "<group>";
		};
		41D925F813D8A76B007612E6 /* FarbspielTests */ = {
			isa = PBXGroup;
			children = (
				41D925F913D8A76B007612E6 /* Supporting Files */,
				418F3C3E142A13D7006B1556 /* KIFTestScenario+FarbspielAdditions.h */,
				418F3C3F142A13D7006B1556 /* KIFTestScenario+FarbspielAdditions.m */,
				418F3C41142A158F006B1556 /* FarbspielTestController.h */,
				418F3C42142A158F006B1556 /* FarbspielTestController.m */,
			);
			path = FarbspielTests;
			sourceTree = "<group>";
		};
		41D925F913D8A76B007612E6 /* Supporting Files */ = {
			isa = PBXGroup;
			children = (
				41D925FA13D8A76B007612E6 /* FarbspielTests-Info.plist */,
				41D925FB13D8A76B007612E6 /* InfoPlist.strings */,
			);
			name = "Supporting Files";
			sourceTree = "<group>";
		};
		41D9264413D8A8D1007612E6 /* Colorful Button */ = {
			isa = PBXGroup;
			children = (
				41D9261913D8A8C3007612E6 /* ColorfulButton.h */,
				41D9261A13D8A8C3007612E6 /* ColorfulButton.m */,
			);
			name = "Colorful Button";
			sourceTree = "<group>";
		};
		41D9264513D8A9C3007612E6 /* Categories */ = {
			isa = PBXGroup;
			children = (
				41C61E2F14289D4700B513EB /* UIActionSheet-BKAdditions.h */,
				41C61E3014289D4700B513EB /* UIActionSheet-BKAdditions.m */,
				413A1E7013E360EF00DAD8A3 /* BKTypes.h */,
				413A1E6D13E360D600DAD8A3 /* UIAlertView-BKAdditions.h */,
				413A1E6E13E360D600DAD8A3 /* UIAlertView-BKAdditions.m */,
				41D9262613D8A8C3007612E6 /* NSMutableArray+StackMethods.h */,
				41D9262713D8A8C3007612E6 /* NSMutableArray+StackMethods.m */,
				41D9263013D8A8C3007612E6 /* UIColor+Tools.h */,
				41D9263113D8A8C3007612E6 /* UIColor+Tools.m */,
			);
			name = Categories;
			sourceTree = "<group>";
		};
		41D9264613D8AA09007612E6 /* FarbspielViewController */ = {
			isa = PBXGroup;
			children = (
				41D925E513D8A76B007612E6 /* FarbspielViewController.h */,
				41D925E613D8A76B007612E6 /* FarbspielViewController.m */,
			);
			name = FarbspielViewController;
			sourceTree = "<group>";
		};
		41D9264713D8AA21007612E6 /* SpielrasterView */ = {
			isa = PBXGroup;
			children = (
				41D9262C13D8A8C3007612E6 /* SpielrasterView.h */,
				41D9262D13D8A8C3007612E6 /* SpielrasterView.m */,
				41D9262E13D8A8C3007612E6 /* SpielrasterViewController.h */,
				41D9262F13D8A8C3007612E6 /* SpielrasterViewController.m */,
			);
			name = SpielrasterView;
			sourceTree = "<group>";
		};
		41D9265913D8F965007612E6 /* Sound */ = {
			isa = PBXGroup;
			children = (
				418E613513D9C2260028A3D9 /* SoundManager.h */,
				418E613613D9C2260028A3D9 /* SoundManager.m */,
			);
			name = Sound;
			sourceTree = "<group>";
		};
/* End PBXGroup section */

/* Begin PBXNativeTarget section */
		418812891429D54F00F2BBE8 /* KIF Tests */ = {
			isa = PBXNativeTarget;
			buildConfigurationList = 418812C21429D54F00F2BBE8 /* Build configuration list for PBXNativeTarget "KIF Tests" */;
			buildPhases = (
				4188128A1429D54F00F2BBE8 /* Sources */,
				4188129F1429D54F00F2BBE8 /* Frameworks */,
				418812A61429D54F00F2BBE8 /* Resources */,
			);
			buildRules = (
			);
			dependencies = (
			);
			name = "KIF Tests";
			productName = Farbspiel;
			productReference = 418812C51429D54F00F2BBE8 /* Farbspiel (KIF Tests).app */;
			productType = "com.apple.product-type.application";
		};
		419F0F191433836F009AF98E /* Farbspiel-iPad */ = {
			isa = PBXNativeTarget;
			buildConfigurationList = 419F0F521433836F009AF98E /* Build configuration list for PBXNativeTarget "Farbspiel-iPad" */;
			buildPhases = (
				419F0F1A1433836F009AF98E /* Sources */,
				419F0F2F1433836F009AF98E /* Frameworks */,
				419F0F361433836F009AF98E /* Resources */,
			);
			buildRules = (
			);
			dependencies = (
			);
			name = "Farbspiel-iPad";
			productName = Farbspiel;
			productReference = 419F0F551433836F009AF98E /* Farbspiel-iPad.app */;
			productType = "com.apple.product-type.application";
		};
		41D925CB13D8A76B007612E6 /* Farbspiel */ = {
			isa = PBXNativeTarget;
			buildConfigurationList = 41D9260413D8A76B007612E6 /* Build configuration list for PBXNativeTarget "Farbspiel" */;
			buildPhases = (
				41D925C813D8A76B007612E6 /* Sources */,
				41D925C913D8A76B007612E6 /* Frameworks */,
				41D925CA13D8A76B007612E6 /* Resources */,
			);
			buildRules = (
			);
			dependencies = (
			);
			name = Farbspiel;
			productName = Farbspiel;
			productReference = 41D925CC13D8A76B007612E6 /* Farbspiel.app */;
			productType = "com.apple.product-type.application";
		};
		41D925EF13D8A76B007612E6 /* FarbspielTests */ = {
			isa = PBXNativeTarget;
			buildConfigurationList = 41D9260713D8A76B007612E6 /* Build configuration list for PBXNativeTarget "FarbspielTests" */;
			buildPhases = (
				41D925EB13D8A76B007612E6 /* Sources */,
				41D925EC13D8A76B007612E6 /* Frameworks */,
				41D925ED13D8A76B007612E6 /* Resources */,
				41D925EE13D8A76B007612E6 /* ShellScript */,
			);
			buildRules = (
			);
			dependencies = (
				41D925F713D8A76B007612E6 /* PBXTargetDependency */,
			);
			name = FarbspielTests;
			productName = FarbspielTests;
			productReference = 41D925F013D8A76B007612E6 /* FarbspielTests.octest */;
			productType = "com.apple.product-type.bundle";
		};
/* End PBXNativeTarget section */

/* Begin PBXProject section */
		41D925C313D8A76B007612E6 /* Project object */ = {
			isa = PBXProject;
			attributes = {
				LastUpgradeCheck = 0420;
			};
			buildConfigurationList = 41D925C613D8A76B007612E6 /* Build configuration list for PBXProject "Farbspiel" */;
			compatibilityVersion = "Xcode 3.2";
			developmentRegion = English;
			hasScannedForEncodings = 0;
			knownRegions = (
				en,
				de,
			);
			mainGroup = 41D925C113D8A76B007612E6;
			productRefGroup = 41D925CD13D8A76B007612E6 /* Products */;
			projectDirPath = "";
			projectRoot = "";
			targets = (
				41D925CB13D8A76B007612E6 /* Farbspiel */,
				41D925EF13D8A76B007612E6 /* FarbspielTests */,
				418812891429D54F00F2BBE8 /* KIF Tests */,
				419F0F191433836F009AF98E /* Farbspiel-iPad */,
			);
		};
/* End PBXProject section */

/* Begin PBXResourcesBuildPhase section */
		418812A61429D54F00F2BBE8 /* Resources */ = {
			isa = PBXResourcesBuildPhase;
			buildActionMask = 2147483647;
			files = (
				418812A71429D54F00F2BBE8 /* FarbspielViewController.xib in Resources */,
				418812A81429D54F00F2BBE8 /* StatistikView.xib in Resources */,
				418812A91429D54F00F2BBE8 /* SettingsViewController.xib in Resources */,
				418812AA1429D54F00F2BBE8 /* MainWindow.xib in Resources */,
				418812AB1429D54F00F2BBE8 /* 210.caf in Resources */,
				418812AC1429D54F00F2BBE8 /* 215.caf in Resources */,
				418812AD1429D54F00F2BBE8 /* 225.caf in Resources */,
				418812AE1429D54F00F2BBE8 /* InfoPlist.strings in Resources */,
				418812AF1429D54F00F2BBE8 /* speaker.png in Resources */,
				418812B01429D54F00F2BBE8 /* speaker_off.png in Resources */,
				418812B11429D54F00F2BBE8 /* ledertextur@2x.png in Resources */,
				418812B21429D54F00F2BBE8 /* ledertextur.png in Resources */,
				418812B31429D54F00F2BBE8 /* farbkloetzchen@2x.png in Resources */,
				418812B41429D54F00F2BBE8 /* farbkloetzchen.png in Resources */,
				418812B51429D54F00F2BBE8 /* farbkloetzchen-jengo.png in Resources */,
				418812B61429D54F00F2BBE8 /* farbkloetzchen-jengo@2x.png in Resources */,
				418812B71429D54F00F2BBE8 /* Default.png in Resources */,
				418812B81429D54F00F2BBE8 /* Default@2x.png in Resources */,
				418812B91429D54F00F2BBE8 /* Icon.png in Resources */,
				418812BA1429D54F00F2BBE8 /* IconRetina.png in Resources */,
				418812BB1429D54F00F2BBE8 /* smalltrash.png in Resources */,
				418812BC1429D54F00F2BBE8 /* Localizable.strings in Resources */,
				418812BD1429D54F00F2BBE8 /* GewonnenView.xib in Resources */,
				418812C11429D54F00F2BBE8 /* smalltrash@2x.png in Resources */,
			);
			runOnlyForDeploymentPostprocessing = 0;
		};
		419F0F361433836F009AF98E /* Resources */ = {
			isa = PBXResourcesBuildPhase;
			buildActionMask = 2147483647;
			files = (
				419F0F381433836F009AF98E /* StatistikView.xib in Resources */,
				419F0F391433836F009AF98E /* SettingsViewController.xib in Resources */,
				419F0F3B1433836F009AF98E /* 210.caf in Resources */,
				419F0F3C1433836F009AF98E /* 215.caf in Resources */,
				419F0F3D1433836F009AF98E /* 225.caf in Resources */,
				419F0F3E1433836F009AF98E /* InfoPlist.strings in Resources */,
				419F0F3F1433836F009AF98E /* speaker.png in Resources */,
				419F0F401433836F009AF98E /* speaker_off.png in Resources */,
				419F0F411433836F009AF98E /* ledertextur@2x.png in Resources */,
				419F0F421433836F009AF98E /* ledertextur.png in Resources */,
				419F0F431433836F009AF98E /* farbkloetzchen@2x.png in Resources */,
				419F0F441433836F009AF98E /* farbkloetzchen.png in Resources */,
				419F0F451433836F009AF98E /* farbkloetzchen-jengo.png in Resources */,
				419F0F461433836F009AF98E /* farbkloetzchen-jengo@2x.png in Resources */,
				419F0F471433836F009AF98E /* Default.png in Resources */,
				419F0F481433836F009AF98E /* Default@2x.png in Resources */,
				419F0F491433836F009AF98E /* Icon.png in Resources */,
				419F0F4A1433836F009AF98E /* IconRetina.png in Resources */,
				419F0F4B1433836F009AF98E /* smalltrash.png in Resources */,
				419F0F4C1433836F009AF98E /* Localizable.strings in Resources */,
				419F0F4D1433836F009AF98E /* GewonnenView.xib in Resources */,
				419F0F511433836F009AF98E /* smalltrash@2x.png in Resources */,
				419F0FA7143384C1009AF98E /* GewonnenView.xib in Resources */,
				419F0FA8143384C1009AF98E /* SettingsViewController.xib in Resources */,
				419F0FA9143384C1009AF98E /* StatistikView.xib in Resources */,
				419F0FAA143384C1009AF98E /* FarbspielViewController.xib in Resources */,
				419F0FAB143384C1009AF98E /* MainWindow.xib in Resources */,
				41156F3A1451B226002642CD /* Default-Portrait~ipad.png in Resources */,
			);
			runOnlyForDeploymentPostprocessing = 0;
		};
		41D925CA13D8A76B007612E6 /* Resources */ = {
			isa = PBXResourcesBuildPhase;
			buildActionMask = 2147483647;
			files = (
				418456561428D83500C9A68E /* FarbspielViewController.xib in Resources */,
				418456571428D83500C9A68E /* StatistikView.xib in Resources */,
				418456581428D83500C9A68E /* SettingsViewController.xib in Resources */,
				418456591428D83500C9A68E /* MainWindow.xib in Resources */,
				41D9265013D8EE67007612E6 /* 210.caf in Resources */,
				41D9265713D8F704007612E6 /* 215.caf in Resources */,
				41D9265813D8F704007612E6 /* 225.caf in Resources */,
				41D9265B13D8F9E9007612E6 /* InfoPlist.strings in Resources */,
				419DCB2613DA5FB500745241 /* speaker.png in Resources */,
				419DCB2913DA60EF00745241 /* speaker_off.png in Resources */,
				412BFEBC13DE14F400159AD4 /* ledertextur@2x.png in Resources */,
				412BFEBD13DE14F400159AD4 /* ledertextur.png in Resources */,
				415A8A4C13DF58A100FF0F3A /* farbkloetzchen@2x.png in Resources */,
				41A114B213DF6CA300B2F0DB /* farbkloetzchen.png in Resources */,
				41A114B513DF6EF100B2F0DB /* farbkloetzchen-jengo.png in Resources */,
				41A114B613DF6EF100B2F0DB /* farbkloetzchen-jengo@2x.png in Resources */,
				41065C6113E20D6B00725686 /* Default.png in Resources */,
				41065C6313E20D7300725686 /* Default@2x.png in Resources */,
				41065C6913E216A600725686 /* Icon.png in Resources */,
				41065C6B13E216C400725686 /* IconRetina.png in Resources */,
				41C61E2D142898FA00B513EB /* smalltrash.png in Resources */,
				41EBBD351428D1600019D98A /* Localizable.strings in Resources */,
				418456501428D76700C9A68E /* GewonnenView.xib in Resources */,
				4184566B1428E86100C9A68E /* smalltrash@2x.png in Resources */,
			);
			runOnlyForDeploymentPostprocessing = 0;
		};
		41D925ED13D8A76B007612E6 /* Resources */ = {
			isa = PBXResourcesBuildPhase;
			buildActionMask = 2147483647;
			files = (
				41D925FD13D8A76B007612E6 /* InfoPlist.strings in Resources */,
			);
			runOnlyForDeploymentPostprocessing = 0;
		};
/* End PBXResourcesBuildPhase section */

/* Begin PBXShellScriptBuildPhase section */
		41D925EE13D8A76B007612E6 /* ShellScript */ = {
			isa = PBXShellScriptBuildPhase;
			buildActionMask = 2147483647;
			files = (
			);
			inputPaths = (
			);
			outputPaths = (
			);
			runOnlyForDeploymentPostprocessing = 0;
			shellPath = /bin/sh;
			shellScript = "# Run the unit tests in this test bundle.\n\"${SYSTEM_DEVELOPER_DIR}/Tools/RunUnitTests\"\n";
		};
/* End PBXShellScriptBuildPhase section */

/* Begin PBXSourcesBuildPhase section */
		4188128A1429D54F00F2BBE8 /* Sources */ = {
			isa = PBXSourcesBuildPhase;
			buildActionMask = 2147483647;
			files = (
				4188128B1429D54F00F2BBE8 /* FarbspielAppDelegate.m in Sources */,
				4188128C1429D54F00F2BBE8 /* FarbspielViewController.m in Sources */,
				4188128D1429D54F00F2BBE8 /* ColorfulButton.m in Sources */,
				4188128E1429D54F00F2BBE8 /* Farbmapping.m in Sources */,
				4188128F1429D54F00F2BBE8 /* main.m in Sources */,
				418812901429D54F00F2BBE8 /* NSMutableArray+StackMethods.m in Sources */,
				418812911429D54F00F2BBE8 /* Pair.m in Sources */,
				418812921429D54F00F2BBE8 /* Spielmodel.m in Sources */,
				418812931429D54F00F2BBE8 /* SpielrasterView.m in Sources */,
				418812941429D54F00F2BBE8 /* SpielrasterViewController.m in Sources */,
				418812951429D54F00F2BBE8 /* UIColor+Tools.m in Sources */,
				418812961429D54F00F2BBE8 /* SoundManager.m in Sources */,
				418812971429D54F00F2BBE8 /* Datenhaltung.m in Sources */,
				418812981429D54F00F2BBE8 /* SettingsViewController.m in Sources */,
				418812991429D54F00F2BBE8 /* UIAlertView-BKAdditions.m in Sources */,
				4188129A1429D54F00F2BBE8 /* JengoColor.xcdatamodeld in Sources */,
				4188129B1429D54F00F2BBE8 /* Spiel.m in Sources */,
				4188129C1429D54F00F2BBE8 /* StatistikView.m in Sources */,
				4188129D1429D54F00F2BBE8 /* StatistikViewController.m in Sources */,
				4188129E1429D54F00F2BBE8 /* UIActionSheet-BKAdditions.m in Sources */,
				418F3C44142A16C8006B1556 /* KIFTestScenario+FarbspielAdditions.m in Sources */,
				418F3C45142A16CC006B1556 /* FarbspielTestController.m in Sources */,
			);
			runOnlyForDeploymentPostprocessing = 0;
		};
		419F0F1A1433836F009AF98E /* Sources */ = {
			isa = PBXSourcesBuildPhase;
			buildActionMask = 2147483647;
			files = (
				419F0F1B1433836F009AF98E /* FarbspielAppDelegate.m in Sources */,
				419F0F1C1433836F009AF98E /* FarbspielViewController.m in Sources */,
				419F0F1D1433836F009AF98E /* ColorfulButton.m in Sources */,
				419F0F1E1433836F009AF98E /* Farbmapping.m in Sources */,
				419F0F1F1433836F009AF98E /* main.m in Sources */,
				419F0F201433836F009AF98E /* NSMutableArray+StackMethods.m in Sources */,
				419F0F211433836F009AF98E /* Pair.m in Sources */,
				419F0F221433836F009AF98E /* Spielmodel.m in Sources */,
				419F0F231433836F009AF98E /* SpielrasterView.m in Sources */,
				419F0F241433836F009AF98E /* SpielrasterViewController.m in Sources */,
				419F0F251433836F009AF98E /* UIColor+Tools.m in Sources */,
				419F0F261433836F009AF98E /* SoundManager.m in Sources */,
				419F0F271433836F009AF98E /* Datenhaltung.m in Sources */,
				419F0F281433836F009AF98E /* SettingsViewController.m in Sources */,
				419F0F291433836F009AF98E /* UIAlertView-BKAdditions.m in Sources */,
				419F0F2A1433836F009AF98E /* JengoColor.xcdatamodeld in Sources */,
				419F0F2B1433836F009AF98E /* Spiel.m in Sources */,
				419F0F2C1433836F009AF98E /* StatistikView.m in Sources */,
				419F0F2D1433836F009AF98E /* StatistikViewController.m in Sources */,
				419F0F2E1433836F009AF98E /* UIActionSheet-BKAdditions.m in Sources */,
			);
			runOnlyForDeploymentPostprocessing = 0;
		};
		41D925C813D8A76B007612E6 /* Sources */ = {
			isa = PBXSourcesBuildPhase;
			buildActionMask = 2147483647;
			files = (
				41D925E113D8A76B007612E6 /* FarbspielAppDelegate.m in Sources */,
				41D925E713D8A76B007612E6 /* FarbspielViewController.m in Sources */,
				41D9263513D8A8C3007612E6 /* ColorfulButton.m in Sources */,
				41D9263613D8A8C3007612E6 /* Farbmapping.m in Sources */,
				41D9263C13D8A8C3007612E6 /* main.m in Sources */,
				41D9263D13D8A8C3007612E6 /* NSMutableArray+StackMethods.m in Sources */,
				41D9263E13D8A8C3007612E6 /* Pair.m in Sources */,
				41D9263F13D8A8C3007612E6 /* Spielmodel.m in Sources */,
				41D9264013D8A8C3007612E6 /* SpielrasterView.m in Sources */,
				41D9264113D8A8C3007612E6 /* SpielrasterViewController.m in Sources */,
				41D9264213D8A8C3007612E6 /* UIColor+Tools.m in Sources */,
				418E613713D9C2260028A3D9 /* SoundManager.m in Sources */,
				418E613B13D9CE290028A3D9 /* Datenhaltung.m in Sources */,
				412BFEFA13DE242400159AD4 /* SettingsViewController.m in Sources */,
				413A1E6F13E360D600DAD8A3 /* UIAlertView-BKAdditions.m in Sources */,
				41FE192913F06D7700BF4656 /* JengoColor.xcdatamodeld in Sources */,
				41FE196313F0845900BF4656 /* Spiel.m in Sources */,
				415A1F1E14276BCD00328122 /* StatistikView.m in Sources */,
				415A1F2114277D9800328122 /* StatistikViewController.m in Sources */,
				41C61E3114289D4700B513EB /* UIActionSheet-BKAdditions.m in Sources */,
			);
			runOnlyForDeploymentPostprocessing = 0;
		};
		41D925EB13D8A76B007612E6 /* Sources */ = {
			isa = PBXSourcesBuildPhase;
			buildActionMask = 2147483647;
			files = (
			);
			runOnlyForDeploymentPostprocessing = 0;
		};
/* End PBXSourcesBuildPhase section */

/* Begin PBXTargetDependency section */
		41D925F713D8A76B007612E6 /* PBXTargetDependency */ = {
			isa = PBXTargetDependency;
			target = 41D925CB13D8A76B007612E6 /* Farbspiel */;
			targetProxy = 41D925F613D8A76B007612E6 /* PBXContainerItemProxy */;
		};
/* End PBXTargetDependency section */

/* Begin PBXVariantGroup section */
		418456471428D76700C9A68E /* FarbspielViewController.xib */ = {
			isa = PBXVariantGroup;
			children = (
				4184564B1428D76700C9A68E /* en */,
			);
			name = FarbspielViewController.xib;
			sourceTree = "<group>";
		};
		418456491428D76700C9A68E /* StatistikView.xib */ = {
			isa = PBXVariantGroup;
			children = (
				4184564C1428D76700C9A68E /* en */,
				4184565B1428DD5300C9A68E /* de */,
			);
			name = StatistikView.xib;
			sourceTree = "<group>";
		};
		419F0F9A143384C1009AF98E /* GewonnenView.xib */ = {
			isa = PBXVariantGroup;
			children = (
				419F0F9B143384C1009AF98E /* de */,
				419F0FA2143384C1009AF98E /* en */,
			);
			name = GewonnenView.xib;
			sourceTree = "<group>";
		};
		419F0F9C143384C1009AF98E /* SettingsViewController.xib */ = {
			isa = PBXVariantGroup;
			children = (
				419F0F9D143384C1009AF98E /* de */,
				419F0FA5143384C1009AF98E /* en */,
			);
			name = SettingsViewController.xib;
			sourceTree = "<group>";
		};
		419F0F9E143384C1009AF98E /* StatistikView.xib */ = {
			isa = PBXVariantGroup;
			children = (
				419F0F9F143384C1009AF98E /* de */,
				419F0FA6143384C1009AF98E /* en */,
			);
			name = StatistikView.xib;
			sourceTree = "<group>";
		};
		419F0FA0143384C1009AF98E /* FarbspielViewController.xib */ = {
			isa = PBXVariantGroup;
			children = (
				419F0FA1143384C1009AF98E /* en */,
			);
			name = FarbspielViewController.xib;
			sourceTree = "<group>";
		};
		419F0FA3143384C1009AF98E /* MainWindow.xib */ = {
			isa = PBXVariantGroup;
			children = (
				419F0FA4143384C1009AF98E /* en */,
			);
			name = MainWindow.xib;
			sourceTree = "<group>";
		};
		41D925E213D8A76B007612E6 /* MainWindow.xib */ = {
			isa = PBXVariantGroup;
			children = (
				41D925E313D8A76B007612E6 /* en */,
			);
			name = MainWindow.xib;
			sourceTree = "<group>";
		};
		41D925FB13D8A76B007612E6 /* InfoPlist.strings */ = {
			isa = PBXVariantGroup;
			children = (
				41D925FC13D8A76B007612E6 /* en */,
			);
			name = InfoPlist.strings;
			sourceTree = "<group>";
		};
		41EBBD371428D1600019D98A /* Localizable.strings */ = {
			isa = PBXVariantGroup;
			children = (
				41EBBD361428D1600019D98A /* en */,
				418456641428E42600C9A68E /* de */,
			);
			name = Localizable.strings;
			sourceTree = "<group>";
		};
		41EBBD3B1428D2EF0019D98A /* SettingsViewController.xib */ = {
			isa = PBXVariantGroup;
			children = (
				41EBBD3A1428D2EF0019D98A /* en */,
				4184565D1428DEC800C9A68E /* de */,
			);
			name = SettingsViewController.xib;
			sourceTree = "<group>";
		};
		41EBBD3F1428D3B70019D98A /* GewonnenView.xib */ = {
			isa = PBXVariantGroup;
			children = (
				41EBBD3E1428D3B70019D98A /* en */,
				4184565F1428DF8500C9A68E /* de */,
			);
			name = GewonnenView.xib;
			sourceTree = "<group>";
		};
/* End PBXVariantGroup section */

/* Begin XCBuildConfiguration section */
		418812C31429D54F00F2BBE8 /* Debug */ = {
			isa = XCBuildConfiguration;
			buildSettings = {
				GCC_PRECOMPILE_PREFIX_HEADER = YES;
				GCC_PREFIX_HEADER = "Farbspiel/Farbspiel-Prefix.pch";
				GCC_PREPROCESSOR_DEFINITIONS = (
					"$(inherited)",
					"RUN_KIF_TESTS=1",
					"DEBUG=1",
				);
				GCC_VERSION = com.apple.compilers.llvm.clang.1_0;
				HEADER_SEARCH_PATHS = "$(inherited)";
				INFOPLIST_FILE = "Farbspiel copy-Info.plist";
				OTHER_LDFLAGS = (
					"$(inherited)",
					"-ObjC",
					"-all_load",
				);
				PRODUCT_NAME = "Farbspiel (KIF Tests)";
				WRAPPER_EXTENSION = app;
			};
			name = Debug;
		};
		418812C41429D54F00F2BBE8 /* Release */ = {
			isa = XCBuildConfiguration;
			buildSettings = {
				GCC_PRECOMPILE_PREFIX_HEADER = YES;
				GCC_PREFIX_HEADER = "Farbspiel/Farbspiel-Prefix.pch";
				GCC_VERSION = com.apple.compilers.llvm.clang.1_0;
				HEADER_SEARCH_PATHS = "$(inherited)";
				INFOPLIST_FILE = "Farbspiel copy-Info.plist";
				OTHER_LDFLAGS = (
					"$(inherited)",
					"-ObjC",
					"-all_load",
				);
				PRODUCT_NAME = "Farbspiel (KIF Tests)";
				WRAPPER_EXTENSION = app;
			};
			name = Release;
		};
		419F0F531433836F009AF98E /* Debug */ = {
			isa = XCBuildConfiguration;
			buildSettings = {
				GCC_PRECOMPILE_PREFIX_HEADER = YES;
				GCC_PREFIX_HEADER = "Farbspiel/Farbspiel-Prefix.pch";
				GCC_VERSION = com.apple.compilers.llvm.clang.1_0;
				INFOPLIST_FILE = "Farbspiel copy-Info.plist";
				IPHONEOS_DEPLOYMENT_TARGET = 4.3;
				PRODUCT_NAME = "Farbspiel-iPad";
				TARGETED_DEVICE_FAMILY = 2;
				WRAPPER_EXTENSION = app;
			};
			name = Debug;
		};
		419F0F541433836F009AF98E /* Release */ = {
			isa = XCBuildConfiguration;
			buildSettings = {
				GCC_PRECOMPILE_PREFIX_HEADER = YES;
				GCC_PREFIX_HEADER = "Farbspiel/Farbspiel-Prefix.pch";
				GCC_VERSION = com.apple.compilers.llvm.clang.1_0;
				INFOPLIST_FILE = "Farbspiel copy-Info.plist";
				IPHONEOS_DEPLOYMENT_TARGET = 4.3;
				PRODUCT_NAME = "Farbspiel-iPad";
				TARGETED_DEVICE_FAMILY = 2;
				WRAPPER_EXTENSION = app;
			};
			name = Release;
		};
		41D9260213D8A76B007612E6 /* Debug */ = {
			isa = XCBuildConfiguration;
			buildSettings = {
				ALWAYS_SEARCH_USER_PATHS = NO;
				ARCHS = "$(ARCHS_STANDARD_32_BIT)";
				"CODE_SIGN_IDENTITY[sdk=iphoneos*]" = "iPhone Developer";
				COPY_PHASE_STRIP = NO;
				GCC_C_LANGUAGE_STANDARD = gnu99;
				GCC_DYNAMIC_NO_PIC = NO;
				GCC_OPTIMIZATION_LEVEL = 0;
				GCC_PREPROCESSOR_DEFINITIONS = (
					"DEBUG=1",
					"$(inherited)",
				);
				GCC_SYMBOLS_PRIVATE_EXTERN = NO;
				GCC_VERSION = com.apple.compilers.llvmgcc42;
				GCC_WARN_ABOUT_MISSING_PROTOTYPES = YES;
				GCC_WARN_ABOUT_RETURN_TYPE = YES;
				GCC_WARN_UNUSED_VARIABLE = YES;
				IPHONEOS_DEPLOYMENT_TARGET = 4.3;
				SDKROOT = iphoneos;
			};
			name = Debug;
		};
		41D9260313D8A76B007612E6 /* Release */ = {
			isa = XCBuildConfiguration;
			buildSettings = {
				ALWAYS_SEARCH_USER_PATHS = NO;
				ARCHS = "$(ARCHS_STANDARD_32_BIT)";
				"CODE_SIGN_IDENTITY[sdk=iphoneos*]" = "iPhone Developer";
				COPY_PHASE_STRIP = YES;
				GCC_C_LANGUAGE_STANDARD = gnu99;
				GCC_VERSION = com.apple.compilers.llvmgcc42;
				GCC_WARN_ABOUT_MISSING_PROTOTYPES = YES;
				GCC_WARN_ABOUT_RETURN_TYPE = YES;
				GCC_WARN_UNUSED_VARIABLE = YES;
				IPHONEOS_DEPLOYMENT_TARGET = 4.3;
				OTHER_CFLAGS = "-DNS_BLOCK_ASSERTIONS=1";
				SDKROOT = iphoneos;
				VALIDATE_PRODUCT = YES;
			};
			name = Release;
		};
		41D9260513D8A76B007612E6 /* Debug */ = {
			isa = XCBuildConfiguration;
			buildSettings = {
				GCC_PRECOMPILE_PREFIX_HEADER = YES;
				GCC_PREFIX_HEADER = "Farbspiel/Farbspiel-Prefix.pch";
				GCC_VERSION = com.apple.compilers.llvm.clang.1_0;
				INFOPLIST_FILE = "Farbspiel/Farbspiel-Info.plist";
				PRODUCT_NAME = "$(TARGET_NAME)";
				WRAPPER_EXTENSION = app;
			};
			name = Debug;
		};
		41D9260613D8A76B007612E6 /* Release */ = {
			isa = XCBuildConfiguration;
			buildSettings = {
				GCC_PRECOMPILE_PREFIX_HEADER = YES;
				GCC_PREFIX_HEADER = "Farbspiel/Farbspiel-Prefix.pch";
				GCC_VERSION = com.apple.compilers.llvm.clang.1_0;
				INFOPLIST_FILE = "Farbspiel/Farbspiel-Info.plist";
				PRODUCT_NAME = "$(TARGET_NAME)";
				WRAPPER_EXTENSION = app;
			};
			name = Release;
		};
		41D9260813D8A76B007612E6 /* Debug */ = {
			isa = XCBuildConfiguration;
			buildSettings = {
				BUNDLE_LOADER = "$(BUILT_PRODUCTS_DIR)/Farbspiel.app/Farbspiel";
				FRAMEWORK_SEARCH_PATHS = (
					"$(SDKROOT)/Developer/Library/Frameworks",
					"$(DEVELOPER_LIBRARY_DIR)/Frameworks",
				);
				GCC_PRECOMPILE_PREFIX_HEADER = YES;
				GCC_PREFIX_HEADER = "Farbspiel/Farbspiel-Prefix.pch";
				GCC_VERSION = com.apple.compilers.llvm.clang.1_0;
				INFOPLIST_FILE = "FarbspielTests/FarbspielTests-Info.plist";
				PRODUCT_NAME = "$(TARGET_NAME)";
				TEST_HOST = "$(BUNDLE_LOADER)";
				WRAPPER_EXTENSION = octest;
			};
			name = Debug;
		};
		41D9260913D8A76B007612E6 /* Release */ = {
			isa = XCBuildConfiguration;
			buildSettings = {
				BUNDLE_LOADER = "$(BUILT_PRODUCTS_DIR)/Farbspiel.app/Farbspiel";
				FRAMEWORK_SEARCH_PATHS = (
					"$(SDKROOT)/Developer/Library/Frameworks",
					"$(DEVELOPER_LIBRARY_DIR)/Frameworks",
				);
				GCC_PRECOMPILE_PREFIX_HEADER = YES;
				GCC_PREFIX_HEADER = "Farbspiel/Farbspiel-Prefix.pch";
				GCC_VERSION = com.apple.compilers.llvm.clang.1_0;
				INFOPLIST_FILE = "FarbspielTests/FarbspielTests-Info.plist";
				PRODUCT_NAME = "$(TARGET_NAME)";
				TEST_HOST = "$(BUNDLE_LOADER)";
				WRAPPER_EXTENSION = octest;
			};
			name = Release;
		};
/* End XCBuildConfiguration section */

/* Begin XCConfigurationList section */
		418812C21429D54F00F2BBE8 /* Build configuration list for PBXNativeTarget "KIF Tests" */ = {
			isa = XCConfigurationList;
			buildConfigurations = (
				418812C31429D54F00F2BBE8 /* Debug */,
				418812C41429D54F00F2BBE8 /* Release */,
			);
			defaultConfigurationIsVisible = 0;
			defaultConfigurationName = Release;
		};
		419F0F521433836F009AF98E /* Build configuration list for PBXNativeTarget "Farbspiel-iPad" */ = {
			isa = XCConfigurationList;
			buildConfigurations = (
				419F0F531433836F009AF98E /* Debug */,
				419F0F541433836F009AF98E /* Release */,
			);
			defaultConfigurationIsVisible = 0;
			defaultConfigurationName = Release;
		};
		41D925C613D8A76B007612E6 /* Build configuration list for PBXProject "Farbspiel" */ = {
			isa = XCConfigurationList;
			buildConfigurations = (
				41D9260213D8A76B007612E6 /* Debug */,
				41D9260313D8A76B007612E6 /* Release */,
			);
			defaultConfigurationIsVisible = 0;
			defaultConfigurationName = Release;
		};
		41D9260413D8A76B007612E6 /* Build configuration list for PBXNativeTarget "Farbspiel" */ = {
			isa = XCConfigurationList;
			buildConfigurations = (
				41D9260513D8A76B007612E6 /* Debug */,
				41D9260613D8A76B007612E6 /* Release */,
			);
			defaultConfigurationIsVisible = 0;
			defaultConfigurationName = Release;
		};
		41D9260713D8A76B007612E6 /* Build configuration list for PBXNativeTarget "FarbspielTests" */ = {
			isa = XCConfigurationList;
			buildConfigurations = (
				41D9260813D8A76B007612E6 /* Debug */,
				41D9260913D8A76B007612E6 /* Release */,
			);
			defaultConfigurationIsVisible = 0;
			defaultConfigurationName = Release;
		};
/* End XCConfigurationList section */

/* Begin XCVersionGroup section */
		41FE192713F06D7700BF4656 /* JengoColor.xcdatamodeld */ = {
			isa = XCVersionGroup;
			children = (
				41FE192813F06D7700BF4656 /* JengoColor.xcdatamodel */,
			);
			currentVersion = 41FE192813F06D7700BF4656 /* JengoColor.xcdatamodel */;
			path = JengoColor.xcdatamodeld;
			sourceTree = "<group>";
			versionGroupType = wrapper.xcdatamodel;
		};
/* End XCVersionGroup section */
	};
	rootObject = 41D925C313D8A76B007612E6 /* Project object */;
}
